
Microsoft Visual Studio Solution File, Format Version 12.00
# Visual Studio Version 16
VisualStudioVersion = 16.0.31229.75
MinimumVisualStudioVersion = 10.0.40219.1
Project("{2150E333-8FDC-42A3-9474-1A3956D46DE8}") = "Solution Items", "Solution Items", "{0F33D458-FBED-47B7-BA85-F8CE72ECC203}"
	ProjectSection(SolutionItems) = preProject
		README.md = README.md
	EndProjectSection
EndProject
Project("{9A19103F-16F7-4668-BE54-9A1E7A4F7556}") = "EngineController", "EngineController\EngineController.csproj", "{AE08ECF0-87B9-4E1E-8CA4-B814D1773151}"
EndProject
Project("{2150E333-8FDC-42A3-9474-1A3956D46DE8}") = "Windows", "Windows", "{149FBE2A-D4FD-48C7-AC0F-DDC7F93599DE}"
EndProject
Project("{9A19103F-16F7-4668-BE54-9A1E7A4F7556}") = "WindowsClient", "Windows\WindowsClient\WindowsClient.csproj", "{F58FC417-DFB9-498A-BB48-C6057BB15D94}"
	ProjectSection(ProjectDependencies) = postProject
		{4EC70402-CA3B-4CE2-9F6F-CF934D1D6FBF} = {4EC70402-CA3B-4CE2-9F6F-CF934D1D6FBF}
		{BE04A572-9FB5-41DA-8FD1-AF9DDD972E83} = {BE04A572-9FB5-41DA-8FD1-AF9DDD972E83}
		{456B86AD-B285-463C-B4F6-4E8A2C57A7AE} = {456B86AD-B285-463C-B4F6-4E8A2C57A7AE}
	EndProjectSection
EndProject
Project("{2150E333-8FDC-42A3-9474-1A3956D46DE8}") = "Linux", "Linux", "{79F41071-37AC-4607-9CE6-6C3E806BC612}"
EndProject
Project("{9A19103F-16F7-4668-BE54-9A1E7A4F7556}") = "LinuxClient", "Linux\LinuxClient\LinuxClient.csproj", "{E39F1D4D-AA2A-402A-884F-5ADD5A4C0A69}"
	ProjectSection(ProjectDependencies) = postProject
		{4EC70402-CA3B-4CE2-9F6F-CF934D1D6FBF} = {4EC70402-CA3B-4CE2-9F6F-CF934D1D6FBF}
		{BE04A572-9FB5-41DA-8FD1-AF9DDD972E83} = {BE04A572-9FB5-41DA-8FD1-AF9DDD972E83}
		{456B86AD-B285-463C-B4F6-4E8A2C57A7AE} = {456B86AD-B285-463C-B4F6-4E8A2C57A7AE}
	EndProjectSection
EndProject
Project("{2150E333-8FDC-42A3-9474-1A3956D46DE8}") = "ClientCommonLibraries", "ClientCommonLibraries", "{F3B37321-86FB-472D-B16B-C3EDCE240365}"
EndProject
Project("{9A19103F-16F7-4668-BE54-9A1E7A4F7556}") = "ClientService", "Common\ClientDataManager\ClientService.csproj", "{456B86AD-B285-463C-B4F6-4E8A2C57A7AE}"
EndProject
Project("{9A19103F-16F7-4668-BE54-9A1E7A4F7556}") = "ClientModels", "Common\ClientModels\ClientModels.csproj", "{BE04A572-9FB5-41DA-8FD1-AF9DDD972E83}"
EndProject
Project("{9A19103F-16F7-4668-BE54-9A1E7A4F7556}") = "ClientWebInterface", "Common\ClientWebInterface\ClientWebInterface.csproj", "{4EC70402-CA3B-4CE2-9F6F-CF934D1D6FBF}"
	ProjectSection(ProjectDependencies) = postProject
		{BE04A572-9FB5-41DA-8FD1-AF9DDD972E83} = {BE04A572-9FB5-41DA-8FD1-AF9DDD972E83}
	EndProjectSection
EndProject
Project("{9A19103F-16F7-4668-BE54-9A1E7A4F7556}") = "WindowsInstaller", "Windows\WindowsInstaller\WindowsInstaller.csproj", "{5548DB5A-6E19-41A0-9558-193FE941167A}"
EndProject
Project("{9A19103F-16F7-4668-BE54-9A1E7A4F7556}") = "ClientData", "Common\ClientData\ClientData.csproj", "{5DFEA44E-E1A3-4DE8-93FE-203F33201B85}"
EndProject
Project("{9A19103F-16F7-4668-BE54-9A1E7A4F7556}") = "LinuxInstaller", "Linux\LinuxInstaller\LinuxInstaller.csproj", "{D21B9AF8-5434-4C5C-AC7C-0DE8E253BC9F}"
EndProject
Project("{2150E333-8FDC-42A3-9474-1A3956D46DE8}") = "Clients", "Clients", "{A86A5BAE-9473-420E-B6A9-865FDF57F185}"
EndProject
Project("{9A19103F-16F7-4668-BE54-9A1E7A4F7556}") = "LinuxConstants", "Linux\LinuxConstants\LinuxConstants.csproj", "{693CB0EB-3193-43AD-922C-0BCB43BEAC38}"
EndProject
Project("{9A19103F-16F7-4668-BE54-9A1E7A4F7556}") = "WindowsConstants", "Windows\WindowsConstants\WindowsConstants.csproj", "{D92C1949-13E6-44FD-9F2E-F4DC0AA98587}"
EndProject
Project("{9A19103F-16F7-4668-BE54-9A1E7A4F7556}") = "ClientInstallerUtilities", "Common\ClientInstallerUtilities\ClientInstallerUtilities.csproj", "{A2E3D622-5BA3-4D25-90B5-68F02426DC97}"
EndProject
Global
	GlobalSection(SolutionConfigurationPlatforms) = preSolution
		Debug|Any CPU = Debug|Any CPU
		Debug|ARM = Debug|ARM
		Debug|ARM64 = Debug|ARM64
		Debug|x64 = Debug|x64
		Debug|x86 = Debug|x86
		Release|Any CPU = Release|Any CPU
		Release|ARM = Release|ARM
		Release|ARM64 = Release|ARM64
		Release|x64 = Release|x64
		Release|x86 = Release|x86
	EndGlobalSection
	GlobalSection(ProjectConfigurationPlatforms) = postSolution
		{AE08ECF0-87B9-4E1E-8CA4-B814D1773151}.Debug|Any CPU.ActiveCfg = Debug|Any CPU
		{AE08ECF0-87B9-4E1E-8CA4-B814D1773151}.Debug|Any CPU.Build.0 = Debug|Any CPU
		{AE08ECF0-87B9-4E1E-8CA4-B814D1773151}.Debug|ARM.ActiveCfg = Debug|Any CPU
		{AE08ECF0-87B9-4E1E-8CA4-B814D1773151}.Debug|ARM.Build.0 = Debug|Any CPU
		{AE08ECF0-87B9-4E1E-8CA4-B814D1773151}.Debug|ARM64.ActiveCfg = Debug|Any CPU
		{AE08ECF0-87B9-4E1E-8CA4-B814D1773151}.Debug|ARM64.Build.0 = Debug|Any CPU
		{AE08ECF0-87B9-4E1E-8CA4-B814D1773151}.Debug|x64.ActiveCfg = Debug|Any CPU
		{AE08ECF0-87B9-4E1E-8CA4-B814D1773151}.Debug|x64.Build.0 = Debug|Any CPU
		{AE08ECF0-87B9-4E1E-8CA4-B814D1773151}.Debug|x86.ActiveCfg = Debug|Any CPU
		{AE08ECF0-87B9-4E1E-8CA4-B814D1773151}.Debug|x86.Build.0 = Debug|Any CPU
		{AE08ECF0-87B9-4E1E-8CA4-B814D1773151}.Release|Any CPU.ActiveCfg = Release|Any CPU
		{AE08ECF0-87B9-4E1E-8CA4-B814D1773151}.Release|Any CPU.Build.0 = Release|Any CPU
		{AE08ECF0-87B9-4E1E-8CA4-B814D1773151}.Release|ARM.ActiveCfg = Release|Any CPU
		{AE08ECF0-87B9-4E1E-8CA4-B814D1773151}.Release|ARM.Build.0 = Release|Any CPU
		{AE08ECF0-87B9-4E1E-8CA4-B814D1773151}.Release|ARM64.ActiveCfg = Release|Any CPU
		{AE08ECF0-87B9-4E1E-8CA4-B814D1773151}.Release|ARM64.Build.0 = Release|Any CPU
		{AE08ECF0-87B9-4E1E-8CA4-B814D1773151}.Release|x64.ActiveCfg = Release|Any CPU
		{AE08ECF0-87B9-4E1E-8CA4-B814D1773151}.Release|x64.Build.0 = Release|Any CPU
		{AE08ECF0-87B9-4E1E-8CA4-B814D1773151}.Release|x86.ActiveCfg = Release|Any CPU
		{AE08ECF0-87B9-4E1E-8CA4-B814D1773151}.Release|x86.Build.0 = Release|Any CPU
		{F58FC417-DFB9-498A-BB48-C6057BB15D94}.Debug|Any CPU.ActiveCfg = Debug|Any CPU
		{F58FC417-DFB9-498A-BB48-C6057BB15D94}.Debug|Any CPU.Build.0 = Debug|Any CPU
		{F58FC417-DFB9-498A-BB48-C6057BB15D94}.Debug|ARM.ActiveCfg = Debug|Any CPU
		{F58FC417-DFB9-498A-BB48-C6057BB15D94}.Debug|ARM.Build.0 = Debug|Any CPU
		{F58FC417-DFB9-498A-BB48-C6057BB15D94}.Debug|ARM64.ActiveCfg = Debug|Any CPU
		{F58FC417-DFB9-498A-BB48-C6057BB15D94}.Debug|ARM64.Build.0 = Debug|Any CPU
		{F58FC417-DFB9-498A-BB48-C6057BB15D94}.Debug|x64.ActiveCfg = Debug|Any CPU
		{F58FC417-DFB9-498A-BB48-C6057BB15D94}.Debug|x64.Build.0 = Debug|Any CPU
		{F58FC417-DFB9-498A-BB48-C6057BB15D94}.Debug|x86.ActiveCfg = Debug|Any CPU
		{F58FC417-DFB9-498A-BB48-C6057BB15D94}.Debug|x86.Build.0 = Debug|Any CPU
		{F58FC417-DFB9-498A-BB48-C6057BB15D94}.Release|Any CPU.ActiveCfg = Release|Any CPU
		{F58FC417-DFB9-498A-BB48-C6057BB15D94}.Release|Any CPU.Build.0 = Release|Any CPU
		{F58FC417-DFB9-498A-BB48-C6057BB15D94}.Release|ARM.ActiveCfg = Release|Any CPU
		{F58FC417-DFB9-498A-BB48-C6057BB15D94}.Release|ARM.Build.0 = Release|Any CPU
		{F58FC417-DFB9-498A-BB48-C6057BB15D94}.Release|ARM64.ActiveCfg = Release|Any CPU
		{F58FC417-DFB9-498A-BB48-C6057BB15D94}.Release|ARM64.Build.0 = Release|Any CPU
		{F58FC417-DFB9-498A-BB48-C6057BB15D94}.Release|x64.ActiveCfg = Release|Any CPU
		{F58FC417-DFB9-498A-BB48-C6057BB15D94}.Release|x64.Build.0 = Release|Any CPU
		{F58FC417-DFB9-498A-BB48-C6057BB15D94}.Release|x86.ActiveCfg = Release|Any CPU
		{F58FC417-DFB9-498A-BB48-C6057BB15D94}.Release|x86.Build.0 = Release|Any CPU
		{E39F1D4D-AA2A-402A-884F-5ADD5A4C0A69}.Debug|Any CPU.ActiveCfg = Debug|Any CPU
		{E39F1D4D-AA2A-402A-884F-5ADD5A4C0A69}.Debug|Any CPU.Build.0 = Debug|Any CPU
		{E39F1D4D-AA2A-402A-884F-5ADD5A4C0A69}.Debug|ARM.ActiveCfg = Debug|Any CPU
		{E39F1D4D-AA2A-402A-884F-5ADD5A4C0A69}.Debug|ARM.Build.0 = Debug|Any CPU
		{E39F1D4D-AA2A-402A-884F-5ADD5A4C0A69}.Debug|ARM64.ActiveCfg = Debug|Any CPU
		{E39F1D4D-AA2A-402A-884F-5ADD5A4C0A69}.Debug|ARM64.Build.0 = Debug|Any CPU
		{E39F1D4D-AA2A-402A-884F-5ADD5A4C0A69}.Debug|x64.ActiveCfg = Debug|Any CPU
		{E39F1D4D-AA2A-402A-884F-5ADD5A4C0A69}.Debug|x64.Build.0 = Debug|Any CPU
		{E39F1D4D-AA2A-402A-884F-5ADD5A4C0A69}.Debug|x86.ActiveCfg = Debug|Any CPU
		{E39F1D4D-AA2A-402A-884F-5ADD5A4C0A69}.Debug|x86.Build.0 = Debug|Any CPU
		{E39F1D4D-AA2A-402A-884F-5ADD5A4C0A69}.Release|Any CPU.ActiveCfg = Release|Any CPU
		{E39F1D4D-AA2A-402A-884F-5ADD5A4C0A69}.Release|Any CPU.Build.0 = Release|Any CPU
		{E39F1D4D-AA2A-402A-884F-5ADD5A4C0A69}.Release|ARM.ActiveCfg = Release|Any CPU
		{E39F1D4D-AA2A-402A-884F-5ADD5A4C0A69}.Release|ARM.Build.0 = Release|Any CPU
		{E39F1D4D-AA2A-402A-884F-5ADD5A4C0A69}.Release|ARM64.ActiveCfg = Release|Any CPU
		{E39F1D4D-AA2A-402A-884F-5ADD5A4C0A69}.Release|ARM64.Build.0 = Release|Any CPU
		{E39F1D4D-AA2A-402A-884F-5ADD5A4C0A69}.Release|x64.ActiveCfg = Release|Any CPU
		{E39F1D4D-AA2A-402A-884F-5ADD5A4C0A69}.Release|x64.Build.0 = Release|Any CPU
		{E39F1D4D-AA2A-402A-884F-5ADD5A4C0A69}.Release|x86.ActiveCfg = Release|Any CPU
		{E39F1D4D-AA2A-402A-884F-5ADD5A4C0A69}.Release|x86.Build.0 = Release|Any CPU
		{456B86AD-B285-463C-B4F6-4E8A2C57A7AE}.Debug|Any CPU.ActiveCfg = Debug|Any CPU
		{456B86AD-B285-463C-B4F6-4E8A2C57A7AE}.Debug|Any CPU.Build.0 = Debug|Any CPU
		{456B86AD-B285-463C-B4F6-4E8A2C57A7AE}.Debug|ARM.ActiveCfg = Debug|Any CPU
		{456B86AD-B285-463C-B4F6-4E8A2C57A7AE}.Debug|ARM.Build.0 = Debug|Any CPU
		{456B86AD-B285-463C-B4F6-4E8A2C57A7AE}.Debug|ARM64.ActiveCfg = Debug|Any CPU
		{456B86AD-B285-463C-B4F6-4E8A2C57A7AE}.Debug|ARM64.Build.0 = Debug|Any CPU
		{456B86AD-B285-463C-B4F6-4E8A2C57A7AE}.Debug|x64.ActiveCfg = Debug|Any CPU
		{456B86AD-B285-463C-B4F6-4E8A2C57A7AE}.Debug|x64.Build.0 = Debug|Any CPU
		{456B86AD-B285-463C-B4F6-4E8A2C57A7AE}.Debug|x86.ActiveCfg = Debug|Any CPU
		{456B86AD-B285-463C-B4F6-4E8A2C57A7AE}.Debug|x86.Build.0 = Debug|Any CPU
		{456B86AD-B285-463C-B4F6-4E8A2C57A7AE}.Release|Any CPU.ActiveCfg = Release|Any CPU
		{456B86AD-B285-463C-B4F6-4E8A2C57A7AE}.Release|Any CPU.Build.0 = Release|Any CPU
		{456B86AD-B285-463C-B4F6-4E8A2C57A7AE}.Release|ARM.ActiveCfg = Release|Any CPU
		{456B86AD-B285-463C-B4F6-4E8A2C57A7AE}.Release|ARM.Build.0 = Release|Any CPU
		{456B86AD-B285-463C-B4F6-4E8A2C57A7AE}.Release|ARM64.ActiveCfg = Release|Any CPU
		{456B86AD-B285-463C-B4F6-4E8A2C57A7AE}.Release|ARM64.Build.0 = Release|Any CPU
		{456B86AD-B285-463C-B4F6-4E8A2C57A7AE}.Release|x64.ActiveCfg = Release|Any CPU
		{456B86AD-B285-463C-B4F6-4E8A2C57A7AE}.Release|x64.Build.0 = Release|Any CPU
		{456B86AD-B285-463C-B4F6-4E8A2C57A7AE}.Release|x86.ActiveCfg = Release|Any CPU
		{456B86AD-B285-463C-B4F6-4E8A2C57A7AE}.Release|x86.Build.0 = Release|Any CPU
		{BE04A572-9FB5-41DA-8FD1-AF9DDD972E83}.Debug|Any CPU.ActiveCfg = Debug|Any CPU
		{BE04A572-9FB5-41DA-8FD1-AF9DDD972E83}.Debug|Any CPU.Build.0 = Debug|Any CPU
		{BE04A572-9FB5-41DA-8FD1-AF9DDD972E83}.Debug|ARM.ActiveCfg = Debug|Any CPU
		{BE04A572-9FB5-41DA-8FD1-AF9DDD972E83}.Debug|ARM.Build.0 = Debug|Any CPU
		{BE04A572-9FB5-41DA-8FD1-AF9DDD972E83}.Debug|ARM64.ActiveCfg = Debug|Any CPU
		{BE04A572-9FB5-41DA-8FD1-AF9DDD972E83}.Debug|ARM64.Build.0 = Debug|Any CPU
		{BE04A572-9FB5-41DA-8FD1-AF9DDD972E83}.Debug|x64.ActiveCfg = Debug|Any CPU
		{BE04A572-9FB5-41DA-8FD1-AF9DDD972E83}.Debug|x64.Build.0 = Debug|Any CPU
		{BE04A572-9FB5-41DA-8FD1-AF9DDD972E83}.Debug|x86.ActiveCfg = Debug|Any CPU
		{BE04A572-9FB5-41DA-8FD1-AF9DDD972E83}.Debug|x86.Build.0 = Debug|Any CPU
		{BE04A572-9FB5-41DA-8FD1-AF9DDD972E83}.Release|Any CPU.ActiveCfg = Release|Any CPU
		{BE04A572-9FB5-41DA-8FD1-AF9DDD972E83}.Release|Any CPU.Build.0 = Release|Any CPU
		{BE04A572-9FB5-41DA-8FD1-AF9DDD972E83}.Release|ARM.ActiveCfg = Release|Any CPU
		{BE04A572-9FB5-41DA-8FD1-AF9DDD972E83}.Release|ARM.Build.0 = Release|Any CPU
		{BE04A572-9FB5-41DA-8FD1-AF9DDD972E83}.Release|ARM64.ActiveCfg = Release|Any CPU
		{BE04A572-9FB5-41DA-8FD1-AF9DDD972E83}.Release|ARM64.Build.0 = Release|Any CPU
		{BE04A572-9FB5-41DA-8FD1-AF9DDD972E83}.Release|x64.ActiveCfg = Release|Any CPU
		{BE04A572-9FB5-41DA-8FD1-AF9DDD972E83}.Release|x64.Build.0 = Release|Any CPU
		{BE04A572-9FB5-41DA-8FD1-AF9DDD972E83}.Release|x86.ActiveCfg = Release|Any CPU
		{BE04A572-9FB5-41DA-8FD1-AF9DDD972E83}.Release|x86.Build.0 = Release|Any CPU
		{4EC70402-CA3B-4CE2-9F6F-CF934D1D6FBF}.Debug|Any CPU.ActiveCfg = Debug|Any CPU
		{4EC70402-CA3B-4CE2-9F6F-CF934D1D6FBF}.Debug|Any CPU.Build.0 = Debug|Any CPU
		{4EC70402-CA3B-4CE2-9F6F-CF934D1D6FBF}.Debug|ARM.ActiveCfg = Debug|Any CPU
		{4EC70402-CA3B-4CE2-9F6F-CF934D1D6FBF}.Debug|ARM.Build.0 = Debug|Any CPU
		{4EC70402-CA3B-4CE2-9F6F-CF934D1D6FBF}.Debug|ARM64.ActiveCfg = Debug|Any CPU
		{4EC70402-CA3B-4CE2-9F6F-CF934D1D6FBF}.Debug|ARM64.Build.0 = Debug|Any CPU
		{4EC70402-CA3B-4CE2-9F6F-CF934D1D6FBF}.Debug|x64.ActiveCfg = Debug|Any CPU
		{4EC70402-CA3B-4CE2-9F6F-CF934D1D6FBF}.Debug|x64.Build.0 = Debug|Any CPU
		{4EC70402-CA3B-4CE2-9F6F-CF934D1D6FBF}.Debug|x86.ActiveCfg = Debug|Any CPU
		{4EC70402-CA3B-4CE2-9F6F-CF934D1D6FBF}.Debug|x86.Build.0 = Debug|Any CPU
		{4EC70402-CA3B-4CE2-9F6F-CF934D1D6FBF}.Release|Any CPU.ActiveCfg = Release|Any CPU
		{4EC70402-CA3B-4CE2-9F6F-CF934D1D6FBF}.Release|Any CPU.Build.0 = Release|Any CPU
		{4EC70402-CA3B-4CE2-9F6F-CF934D1D6FBF}.Release|ARM.ActiveCfg = Release|Any CPU
		{4EC70402-CA3B-4CE2-9F6F-CF934D1D6FBF}.Release|ARM.Build.0 = Release|Any CPU
		{4EC70402-CA3B-4CE2-9F6F-CF934D1D6FBF}.Release|ARM64.ActiveCfg = Release|Any CPU
		{4EC70402-CA3B-4CE2-9F6F-CF934D1D6FBF}.Release|ARM64.Build.0 = Release|Any CPU
		{4EC70402-CA3B-4CE2-9F6F-CF934D1D6FBF}.Release|x64.ActiveCfg = Release|Any CPU
		{4EC70402-CA3B-4CE2-9F6F-CF934D1D6FBF}.Release|x64.Build.0 = Release|Any CPU
		{4EC70402-CA3B-4CE2-9F6F-CF934D1D6FBF}.Release|x86.ActiveCfg = Release|Any CPU
		{4EC70402-CA3B-4CE2-9F6F-CF934D1D6FBF}.Release|x86.Build.0 = Release|Any CPU
		{5548DB5A-6E19-41A0-9558-193FE941167A}.Debug|Any CPU.ActiveCfg = Debug|Any CPU
		{5548DB5A-6E19-41A0-9558-193FE941167A}.Debug|Any CPU.Build.0 = Debug|Any CPU
		{5548DB5A-6E19-41A0-9558-193FE941167A}.Debug|ARM.ActiveCfg = Debug|Any CPU
		{5548DB5A-6E19-41A0-9558-193FE941167A}.Debug|ARM.Build.0 = Debug|Any CPU
		{5548DB5A-6E19-41A0-9558-193FE941167A}.Debug|ARM64.ActiveCfg = Debug|Any CPU
		{5548DB5A-6E19-41A0-9558-193FE941167A}.Debug|ARM64.Build.0 = Debug|Any CPU
		{5548DB5A-6E19-41A0-9558-193FE941167A}.Debug|x64.ActiveCfg = Debug|Any CPU
		{5548DB5A-6E19-41A0-9558-193FE941167A}.Debug|x64.Build.0 = Debug|Any CPU
		{5548DB5A-6E19-41A0-9558-193FE941167A}.Debug|x86.ActiveCfg = Debug|Any CPU
		{5548DB5A-6E19-41A0-9558-193FE941167A}.Debug|x86.Build.0 = Debug|Any CPU
		{5548DB5A-6E19-41A0-9558-193FE941167A}.Release|Any CPU.ActiveCfg = Release|Any CPU
		{5548DB5A-6E19-41A0-9558-193FE941167A}.Release|Any CPU.Build.0 = Release|Any CPU
		{5548DB5A-6E19-41A0-9558-193FE941167A}.Release|ARM.ActiveCfg = Release|Any CPU
		{5548DB5A-6E19-41A0-9558-193FE941167A}.Release|ARM.Build.0 = Release|Any CPU
		{5548DB5A-6E19-41A0-9558-193FE941167A}.Release|ARM64.ActiveCfg = Release|Any CPU
		{5548DB5A-6E19-41A0-9558-193FE941167A}.Release|ARM64.Build.0 = Release|Any CPU
		{5548DB5A-6E19-41A0-9558-193FE941167A}.Release|x64.ActiveCfg = Release|Any CPU
		{5548DB5A-6E19-41A0-9558-193FE941167A}.Release|x64.Build.0 = Release|Any CPU
		{5548DB5A-6E19-41A0-9558-193FE941167A}.Release|x86.ActiveCfg = Release|Any CPU
		{5548DB5A-6E19-41A0-9558-193FE941167A}.Release|x86.Build.0 = Release|Any CPU
		{5DFEA44E-E1A3-4DE8-93FE-203F33201B85}.Debug|Any CPU.ActiveCfg = Debug|Any CPU
		{5DFEA44E-E1A3-4DE8-93FE-203F33201B85}.Debug|Any CPU.Build.0 = Debug|Any CPU
		{5DFEA44E-E1A3-4DE8-93FE-203F33201B85}.Debug|ARM.ActiveCfg = Debug|Any CPU
		{5DFEA44E-E1A3-4DE8-93FE-203F33201B85}.Debug|ARM.Build.0 = Debug|Any CPU
		{5DFEA44E-E1A3-4DE8-93FE-203F33201B85}.Debug|ARM64.ActiveCfg = Debug|Any CPU
		{5DFEA44E-E1A3-4DE8-93FE-203F33201B85}.Debug|ARM64.Build.0 = Debug|Any CPU
		{5DFEA44E-E1A3-4DE8-93FE-203F33201B85}.Debug|x64.ActiveCfg = Debug|Any CPU
		{5DFEA44E-E1A3-4DE8-93FE-203F33201B85}.Debug|x64.Build.0 = Debug|Any CPU
		{5DFEA44E-E1A3-4DE8-93FE-203F33201B85}.Debug|x86.ActiveCfg = Debug|Any CPU
		{5DFEA44E-E1A3-4DE8-93FE-203F33201B85}.Debug|x86.Build.0 = Debug|Any CPU
		{5DFEA44E-E1A3-4DE8-93FE-203F33201B85}.Release|Any CPU.ActiveCfg = Release|Any CPU
		{5DFEA44E-E1A3-4DE8-93FE-203F33201B85}.Release|Any CPU.Build.0 = Release|Any CPU
		{5DFEA44E-E1A3-4DE8-93FE-203F33201B85}.Release|ARM.ActiveCfg = Release|Any CPU
		{5DFEA44E-E1A3-4DE8-93FE-203F33201B85}.Release|ARM.Build.0 = Release|Any CPU
		{5DFEA44E-E1A3-4DE8-93FE-203F33201B85}.Release|ARM64.ActiveCfg = Release|Any CPU
		{5DFEA44E-E1A3-4DE8-93FE-203F33201B85}.Release|ARM64.Build.0 = Release|Any CPU
		{5DFEA44E-E1A3-4DE8-93FE-203F33201B85}.Release|x64.ActiveCfg = Release|Any CPU
		{5DFEA44E-E1A3-4DE8-93FE-203F33201B85}.Release|x64.Build.0 = Release|Any CPU
		{5DFEA44E-E1A3-4DE8-93FE-203F33201B85}.Release|x86.ActiveCfg = Release|Any CPU
		{5DFEA44E-E1A3-4DE8-93FE-203F33201B85}.Release|x86.Build.0 = Release|Any CPU
		{D21B9AF8-5434-4C5C-AC7C-0DE8E253BC9F}.Debug|Any CPU.ActiveCfg = Debug|Any CPU
		{D21B9AF8-5434-4C5C-AC7C-0DE8E253BC9F}.Debug|Any CPU.Build.0 = Debug|Any CPU
		{D21B9AF8-5434-4C5C-AC7C-0DE8E253BC9F}.Debug|ARM.ActiveCfg = Debug|Any CPU
		{D21B9AF8-5434-4C5C-AC7C-0DE8E253BC9F}.Debug|ARM.Build.0 = Debug|Any CPU
		{D21B9AF8-5434-4C5C-AC7C-0DE8E253BC9F}.Debug|ARM64.ActiveCfg = Debug|Any CPU
		{D21B9AF8-5434-4C5C-AC7C-0DE8E253BC9F}.Debug|ARM64.Build.0 = Debug|Any CPU
		{D21B9AF8-5434-4C5C-AC7C-0DE8E253BC9F}.Debug|x64.ActiveCfg = Debug|Any CPU
		{D21B9AF8-5434-4C5C-AC7C-0DE8E253BC9F}.Debug|x64.Build.0 = Debug|Any CPU
		{D21B9AF8-5434-4C5C-AC7C-0DE8E253BC9F}.Debug|x86.ActiveCfg = Debug|Any CPU
		{D21B9AF8-5434-4C5C-AC7C-0DE8E253BC9F}.Debug|x86.Build.0 = Debug|Any CPU
		{D21B9AF8-5434-4C5C-AC7C-0DE8E253BC9F}.Release|Any CPU.ActiveCfg = Release|Any CPU
		{D21B9AF8-5434-4C5C-AC7C-0DE8E253BC9F}.Release|Any CPU.Build.0 = Release|Any CPU
		{D21B9AF8-5434-4C5C-AC7C-0DE8E253BC9F}.Release|ARM.ActiveCfg = Release|Any CPU
		{D21B9AF8-5434-4C5C-AC7C-0DE8E253BC9F}.Release|ARM.Build.0 = Release|Any CPU
		{D21B9AF8-5434-4C5C-AC7C-0DE8E253BC9F}.Release|ARM64.ActiveCfg = Release|Any CPU
		{D21B9AF8-5434-4C5C-AC7C-0DE8E253BC9F}.Release|ARM64.Build.0 = Release|Any CPU
		{D21B9AF8-5434-4C5C-AC7C-0DE8E253BC9F}.Release|x64.ActiveCfg = Release|Any CPU
		{D21B9AF8-5434-4C5C-AC7C-0DE8E253BC9F}.Release|x64.Build.0 = Release|Any CPU
		{D21B9AF8-5434-4C5C-AC7C-0DE8E253BC9F}.Release|x86.ActiveCfg = Release|Any CPU
		{D21B9AF8-5434-4C5C-AC7C-0DE8E253BC9F}.Release|x86.Build.0 = Release|Any CPU
		{693CB0EB-3193-43AD-922C-0BCB43BEAC38}.Debug|Any CPU.ActiveCfg = Debug|Any CPU
		{693CB0EB-3193-43AD-922C-0BCB43BEAC38}.Debug|Any CPU.Build.0 = Debug|Any CPU
		{693CB0EB-3193-43AD-922C-0BCB43BEAC38}.Debug|ARM.ActiveCfg = Debug|Any CPU
		{693CB0EB-3193-43AD-922C-0BCB43BEAC38}.Debug|ARM.Build.0 = Debug|Any CPU
		{693CB0EB-3193-43AD-922C-0BCB43BEAC38}.Debug|ARM64.ActiveCfg = Debug|Any CPU
		{693CB0EB-3193-43AD-922C-0BCB43BEAC38}.Debug|ARM64.Build.0 = Debug|Any CPU
		{693CB0EB-3193-43AD-922C-0BCB43BEAC38}.Debug|x64.ActiveCfg = Debug|Any CPU
		{693CB0EB-3193-43AD-922C-0BCB43BEAC38}.Debug|x64.Build.0 = Debug|Any CPU
		{693CB0EB-3193-43AD-922C-0BCB43BEAC38}.Debug|x86.ActiveCfg = Debug|Any CPU
		{693CB0EB-3193-43AD-922C-0BCB43BEAC38}.Debug|x86.Build.0 = Debug|Any CPU
		{693CB0EB-3193-43AD-922C-0BCB43BEAC38}.Release|Any CPU.ActiveCfg = Release|Any CPU
		{693CB0EB-3193-43AD-922C-0BCB43BEAC38}.Release|Any CPU.Build.0 = Release|Any CPU
		{693CB0EB-3193-43AD-922C-0BCB43BEAC38}.Release|ARM.ActiveCfg = Release|Any CPU
		{693CB0EB-3193-43AD-922C-0BCB43BEAC38}.Release|ARM.Build.0 = Release|Any CPU
		{693CB0EB-3193-43AD-922C-0BCB43BEAC38}.Release|ARM64.ActiveCfg = Release|Any CPU
		{693CB0EB-3193-43AD-922C-0BCB43BEAC38}.Release|ARM64.Build.0 = Release|Any CPU
		{693CB0EB-3193-43AD-922C-0BCB43BEAC38}.Release|x64.ActiveCfg = Release|Any CPU
		{693CB0EB-3193-43AD-922C-0BCB43BEAC38}.Release|x64.Build.0 = Release|Any CPU
		{693CB0EB-3193-43AD-922C-0BCB43BEAC38}.Release|x86.ActiveCfg = Release|Any CPU
		{693CB0EB-3193-43AD-922C-0BCB43BEAC38}.Release|x86.Build.0 = Release|Any CPU
		{D92C1949-13E6-44FD-9F2E-F4DC0AA98587}.Debug|Any CPU.ActiveCfg = Debug|Any CPU
		{D92C1949-13E6-44FD-9F2E-F4DC0AA98587}.Debug|Any CPU.Build.0 = Debug|Any CPU
		{D92C1949-13E6-44FD-9F2E-F4DC0AA98587}.Debug|ARM.ActiveCfg = Debug|Any CPU
		{D92C1949-13E6-44FD-9F2E-F4DC0AA98587}.Debug|ARM.Build.0 = Debug|Any CPU
		{D92C1949-13E6-44FD-9F2E-F4DC0AA98587}.Debug|ARM64.ActiveCfg = Debug|Any CPU
		{D92C1949-13E6-44FD-9F2E-F4DC0AA98587}.Debug|ARM64.Build.0 = Debug|Any CPU
		{D92C1949-13E6-44FD-9F2E-F4DC0AA98587}.Debug|x64.ActiveCfg = Debug|Any CPU
		{D92C1949-13E6-44FD-9F2E-F4DC0AA98587}.Debug|x64.Build.0 = Debug|Any CPU
		{D92C1949-13E6-44FD-9F2E-F4DC0AA98587}.Debug|x86.ActiveCfg = Debug|Any CPU
		{D92C1949-13E6-44FD-9F2E-F4DC0AA98587}.Debug|x86.Build.0 = Debug|Any CPU
		{D92C1949-13E6-44FD-9F2E-F4DC0AA98587}.Release|Any CPU.ActiveCfg = Release|Any CPU
		{D92C1949-13E6-44FD-9F2E-F4DC0AA98587}.Release|Any CPU.Build.0 = Release|Any CPU
		{D92C1949-13E6-44FD-9F2E-F4DC0AA98587}.Release|ARM.ActiveCfg = Release|Any CPU
		{D92C1949-13E6-44FD-9F2E-F4DC0AA98587}.Release|ARM.Build.0 = Release|Any CPU
		{D92C1949-13E6-44FD-9F2E-F4DC0AA98587}.Release|ARM64.ActiveCfg = Release|Any CPU
		{D92C1949-13E6-44FD-9F2E-F4DC0AA98587}.Release|ARM64.Build.0 = Release|Any CPU
		{D92C1949-13E6-44FD-9F2E-F4DC0AA98587}.Release|x64.ActiveCfg = Release|Any CPU
		{D92C1949-13E6-44FD-9F2E-F4DC0AA98587}.Release|x64.Build.0 = Release|Any CPU
		{D92C1949-13E6-44FD-9F2E-F4DC0AA98587}.Release|x86.ActiveCfg = Release|Any CPU
		{D92C1949-13E6-44FD-9F2E-F4DC0AA98587}.Release|x86.Build.0 = Release|Any CPU
		{A2E3D622-5BA3-4D25-90B5-68F02426DC97}.Debug|Any CPU.ActiveCfg = Debug|Any CPU
		{A2E3D622-5BA3-4D25-90B5-68F02426DC97}.Debug|Any CPU.Build.0 = Debug|Any CPU
		{A2E3D622-5BA3-4D25-90B5-68F02426DC97}.Debug|ARM.ActiveCfg = Debug|Any CPU
		{A2E3D622-5BA3-4D25-90B5-68F02426DC97}.Debug|ARM.Build.0 = Debug|Any CPU
		{A2E3D622-5BA3-4D25-90B5-68F02426DC97}.Debug|ARM64.ActiveCfg = Debug|Any CPU
		{A2E3D622-5BA3-4D25-90B5-68F02426DC97}.Debug|ARM64.Build.0 = Debug|Any CPU
		{A2E3D622-5BA3-4D25-90B5-68F02426DC97}.Debug|x64.ActiveCfg = Debug|Any CPU
		{A2E3D622-5BA3-4D25-90B5-68F02426DC97}.Debug|x64.Build.0 = Debug|Any CPU
		{A2E3D622-5BA3-4D25-90B5-68F02426DC97}.Debug|x86.ActiveCfg = Debug|Any CPU
		{A2E3D622-5BA3-4D25-90B5-68F02426DC97}.Debug|x86.Build.0 = Debug|Any CPU
		{A2E3D622-5BA3-4D25-90B5-68F02426DC97}.Release|Any CPU.ActiveCfg = Release|Any CPU
		{A2E3D622-5BA3-4D25-90B5-68F02426DC97}.Release|Any CPU.Build.0 = Release|Any CPU
		{A2E3D622-5BA3-4D25-90B5-68F02426DC97}.Release|ARM.ActiveCfg = Release|Any CPU
		{A2E3D622-5BA3-4D25-90B5-68F02426DC97}.Release|ARM.Build.0 = Release|Any CPU
		{A2E3D622-5BA3-4D25-90B5-68F02426DC97}.Release|ARM64.ActiveCfg = Release|Any CPU
		{A2E3D622-5BA3-4D25-90B5-68F02426DC97}.Release|ARM64.Build.0 = Release|Any CPU
		{A2E3D622-5BA3-4D25-90B5-68F02426DC97}.Release|x64.ActiveCfg = Release|Any CPU
		{A2E3D622-5BA3-4D25-90B5-68F02426DC97}.Release|x64.Build.0 = Release|Any CPU
		{A2E3D622-5BA3-4D25-90B5-68F02426DC97}.Release|x86.ActiveCfg = Release|Any CPU
		{A2E3D622-5BA3-4D25-90B5-68F02426DC97}.Release|x86.Build.0 = Release|Any CPU
	EndGlobalSection
	GlobalSection(SolutionProperties) = preSolution
		HideSolutionNode = FALSE
	EndGlobalSection
	GlobalSection(NestedProjects) = preSolution
		{149FBE2A-D4FD-48C7-AC0F-DDC7F93599DE} = {A86A5BAE-9473-420E-B6A9-865FDF57F185}
		{F58FC417-DFB9-498A-BB48-C6057BB15D94} = {149FBE2A-D4FD-48C7-AC0F-DDC7F93599DE}
		{79F41071-37AC-4607-9CE6-6C3E806BC612} = {A86A5BAE-9473-420E-B6A9-865FDF57F185}
		{E39F1D4D-AA2A-402A-884F-5ADD5A4C0A69} = {79F41071-37AC-4607-9CE6-6C3E806BC612}
		{456B86AD-B285-463C-B4F6-4E8A2C57A7AE} = {F3B37321-86FB-472D-B16B-C3EDCE240365}
		{BE04A572-9FB5-41DA-8FD1-AF9DDD972E83} = {F3B37321-86FB-472D-B16B-C3EDCE240365}
		{4EC70402-CA3B-4CE2-9F6F-CF934D1D6FBF} = {F3B37321-86FB-472D-B16B-C3EDCE240365}
		{5548DB5A-6E19-41A0-9558-193FE941167A} = {149FBE2A-D4FD-48C7-AC0F-DDC7F93599DE}
		{5DFEA44E-E1A3-4DE8-93FE-203F33201B85} = {F3B37321-86FB-472D-B16B-C3EDCE240365}
		{D21B9AF8-5434-4C5C-AC7C-0DE8E253BC9F} = {79F41071-37AC-4607-9CE6-6C3E806BC612}
		{693CB0EB-3193-43AD-922C-0BCB43BEAC38} = {79F41071-37AC-4607-9CE6-6C3E806BC612}
		{D92C1949-13E6-44FD-9F2E-F4DC0AA98587} = {149FBE2A-D4FD-48C7-AC0F-DDC7F93599DE}
		{A2E3D622-5BA3-4D25-90B5-68F02426DC97} = {F3B37321-86FB-472D-B16B-C3EDCE240365}
	EndGlobalSection
	GlobalSection(ExtensibilityGlobals) = postSolution
		SolutionGuid = {01496E24-B6EB-42BB-9F9F-306165A8E495}
	EndGlobalSection
EndGlobal
