
Microsoft Visual Studio Solution File, Format Version 12.00
# Visual Studio Version 16
VisualStudioVersion = 16.0.31229.75
MinimumVisualStudioVersion = 10.0.40219.1
Project("{2150E333-8FDC-42A3-9474-1A3956D46DE8}") = "Solution Items", "Solution Items", "{0F33D458-FBED-47B7-BA85-F8CE72ECC203}"
	ProjectSection(SolutionItems) = preProject
		.editorconfig = .editorconfig
		README.md = README.md
	EndProjectSection
EndProject
Project("{2150E333-8FDC-42A3-9474-1A3956D46DE8}") = "Windows", "Windows", "{149FBE2A-D4FD-48C7-AC0F-DDC7F93599DE}"
EndProject
Project("{9A19103F-16F7-4668-BE54-9A1E7A4F7556}") = "WindowsClient", "Windows\WindowsClient\WindowsClient.csproj", "{F58FC417-DFB9-498A-BB48-C6057BB15D94}"
EndProject
Project("{2150E333-8FDC-42A3-9474-1A3956D46DE8}") = "Linux", "Linux", "{79F41071-37AC-4607-9CE6-6C3E806BC612}"
EndProject
Project("{9A19103F-16F7-4668-BE54-9A1E7A4F7556}") = "LinuxClient", "Linux\LinuxClient\LinuxClient.csproj", "{E39F1D4D-AA2A-402A-884F-5ADD5A4C0A69}"
EndProject
Project("{2150E333-8FDC-42A3-9474-1A3956D46DE8}") = "ClientCommonLibraries", "ClientCommonLibraries", "{F3B37321-86FB-472D-B16B-C3EDCE240365}"
EndProject
Project("{9A19103F-16F7-4668-BE54-9A1E7A4F7556}") = "WindowsInstaller", "Windows\WindowsInstaller\WindowsInstaller.csproj", "{5548DB5A-6E19-41A0-9558-193FE941167A}"
EndProject
Project("{9A19103F-16F7-4668-BE54-9A1E7A4F7556}") = "LinuxInstaller", "Linux\LinuxInstaller\LinuxInstaller.csproj", "{D21B9AF8-5434-4C5C-AC7C-0DE8E253BC9F}"
EndProject
Project("{2150E333-8FDC-42A3-9474-1A3956D46DE8}") = "Clients", "Clients", "{A86A5BAE-9473-420E-B6A9-865FDF57F185}"
EndProject
Project("{9A19103F-16F7-4668-BE54-9A1E7A4F7556}") = "LinuxConstants", "Linux\LinuxConstants\LinuxConstants.csproj", "{693CB0EB-3193-43AD-922C-0BCB43BEAC38}"
EndProject
Project("{9A19103F-16F7-4668-BE54-9A1E7A4F7556}") = "WindowsConstants", "Windows\WindowsConstants\WindowsConstants.csproj", "{D92C1949-13E6-44FD-9F2E-F4DC0AA98587}"
EndProject
Project("{2150E333-8FDC-42A3-9474-1A3956D46DE8}") = "Server", "Server", "{5FE26CCE-D734-45FB-B8D2-49ACBD4177D8}"
EndProject
Project("{9A19103F-16F7-4668-BE54-9A1E7A4F7556}") = "EngineController", "Server\EngineController\EngineController.csproj", "{1949F339-B6C9-47E2-901B-6781C40CF4DF}"
EndProject
Project("{9A19103F-16F7-4668-BE54-9A1E7A4F7556}") = "EngineControllerData", "Server\EngineControllerDataContext\EngineControllerData.csproj", "{716AD51C-14CC-475A-B47C-20ECB3426C26}"
EndProject
Project("{9A19103F-16F7-4668-BE54-9A1E7A4F7556}") = "TcpWorkerService", "Server\TcpWorkerService\TcpWorkerService.csproj", "{A9DA2237-06CC-42D2-80F1-1962477507E3}"
EndProject
Project("{9A19103F-16F7-4668-BE54-9A1E7A4F7556}") = "ClientData", "ClientCommon\ClientData\ClientData.csproj", "{874D14A2-9295-41F2-A4CE-0D598BEF34AD}"
EndProject
Project("{9A19103F-16F7-4668-BE54-9A1E7A4F7556}") = "ClientService", "ClientCommon\ClientDataManager\ClientService.csproj", "{B2ECEF90-F472-48BC-942D-4613F33DFA8D}"
EndProject
Project("{9A19103F-16F7-4668-BE54-9A1E7A4F7556}") = "ClientInstallerUtilities", "ClientCommon\ClientInstallerUtilities\ClientInstallerUtilities.csproj", "{6971258E-9AC0-4BAE-9107-5191CF62CD51}"
EndProject
Project("{9A19103F-16F7-4668-BE54-9A1E7A4F7556}") = "ClientWebInterface", "ClientCommon\ClientWebInterface\ClientWebInterface.csproj", "{488CA696-89EC-4D93-A8CE-820786D21B02}"
EndProject
Project("{2150E333-8FDC-42A3-9474-1A3956D46DE8}") = "Common", "Common", "{42525C0F-7C79-410E-A780-B53B70D6EDCA}"
EndProject
Project("{9A19103F-16F7-4668-BE54-9A1E7A4F7556}") = "CommonUtilities", "Common\CommonUtilities\CommonUtilities.csproj", "{4CAB5A97-35B4-4F0D-845E-A86F17DB681A}"
EndProject
Project("{9A19103F-16F7-4668-BE54-9A1E7A4F7556}") = "Models", "Common\SimpleModels\Models.csproj", "{CC50399E-F4BA-4FA2-8971-16A6145CAC52}"
EndProject
Project("{8BC9CEB8-8B4A-11D0-8D11-00A0C91BC942}") = "Win32Constants", "Win32Constants\Win32Constants.vcxproj", "{44AC02A0-B5FC-41ED-8294-2E5E45974B22}"
EndProject
Global
	GlobalSection(SolutionConfigurationPlatforms) = preSolution
		Debug|Any CPU = Debug|Any CPU
		Debug|ARM = Debug|ARM
		Debug|ARM64 = Debug|ARM64
		Debug|x64 = Debug|x64
		Debug|x86 = Debug|x86
		Release|Any CPU = Release|Any CPU
		Release|ARM = Release|ARM
		Release|ARM64 = Release|ARM64
		Release|x64 = Release|x64
		Release|x86 = Release|x86
	EndGlobalSection
	GlobalSection(ProjectConfigurationPlatforms) = postSolution
		{F58FC417-DFB9-498A-BB48-C6057BB15D94}.Debug|Any CPU.ActiveCfg = Debug|Any CPU
		{F58FC417-DFB9-498A-BB48-C6057BB15D94}.Debug|Any CPU.Build.0 = Debug|Any CPU
		{F58FC417-DFB9-498A-BB48-C6057BB15D94}.Debug|ARM.ActiveCfg = Debug|Any CPU
		{F58FC417-DFB9-498A-BB48-C6057BB15D94}.Debug|ARM.Build.0 = Debug|Any CPU
		{F58FC417-DFB9-498A-BB48-C6057BB15D94}.Debug|ARM64.ActiveCfg = Debug|Any CPU
		{F58FC417-DFB9-498A-BB48-C6057BB15D94}.Debug|ARM64.Build.0 = Debug|Any CPU
		{F58FC417-DFB9-498A-BB48-C6057BB15D94}.Debug|x64.ActiveCfg = Debug|Any CPU
		{F58FC417-DFB9-498A-BB48-C6057BB15D94}.Debug|x64.Build.0 = Debug|Any CPU
		{F58FC417-DFB9-498A-BB48-C6057BB15D94}.Debug|x86.ActiveCfg = Debug|Any CPU
		{F58FC417-DFB9-498A-BB48-C6057BB15D94}.Debug|x86.Build.0 = Debug|Any CPU
		{F58FC417-DFB9-498A-BB48-C6057BB15D94}.Release|Any CPU.ActiveCfg = Release|Any CPU
		{F58FC417-DFB9-498A-BB48-C6057BB15D94}.Release|Any CPU.Build.0 = Release|Any CPU
		{F58FC417-DFB9-498A-BB48-C6057BB15D94}.Release|ARM.ActiveCfg = Release|Any CPU
		{F58FC417-DFB9-498A-BB48-C6057BB15D94}.Release|ARM.Build.0 = Release|Any CPU
		{F58FC417-DFB9-498A-BB48-C6057BB15D94}.Release|ARM64.ActiveCfg = Release|Any CPU
		{F58FC417-DFB9-498A-BB48-C6057BB15D94}.Release|ARM64.Build.0 = Release|Any CPU
		{F58FC417-DFB9-498A-BB48-C6057BB15D94}.Release|x64.ActiveCfg = Release|Any CPU
		{F58FC417-DFB9-498A-BB48-C6057BB15D94}.Release|x64.Build.0 = Release|Any CPU
		{F58FC417-DFB9-498A-BB48-C6057BB15D94}.Release|x86.ActiveCfg = Release|Any CPU
		{F58FC417-DFB9-498A-BB48-C6057BB15D94}.Release|x86.Build.0 = Release|Any CPU
		{E39F1D4D-AA2A-402A-884F-5ADD5A4C0A69}.Debug|Any CPU.ActiveCfg = Debug|Any CPU
		{E39F1D4D-AA2A-402A-884F-5ADD5A4C0A69}.Debug|Any CPU.Build.0 = Debug|Any CPU
		{E39F1D4D-AA2A-402A-884F-5ADD5A4C0A69}.Debug|ARM.ActiveCfg = Debug|Any CPU
		{E39F1D4D-AA2A-402A-884F-5ADD5A4C0A69}.Debug|ARM.Build.0 = Debug|Any CPU
		{E39F1D4D-AA2A-402A-884F-5ADD5A4C0A69}.Debug|ARM64.ActiveCfg = Debug|Any CPU
		{E39F1D4D-AA2A-402A-884F-5ADD5A4C0A69}.Debug|ARM64.Build.0 = Debug|Any CPU
		{E39F1D4D-AA2A-402A-884F-5ADD5A4C0A69}.Debug|x64.ActiveCfg = Debug|Any CPU
		{E39F1D4D-AA2A-402A-884F-5ADD5A4C0A69}.Debug|x64.Build.0 = Debug|Any CPU
		{E39F1D4D-AA2A-402A-884F-5ADD5A4C0A69}.Debug|x86.ActiveCfg = Debug|Any CPU
		{E39F1D4D-AA2A-402A-884F-5ADD5A4C0A69}.Debug|x86.Build.0 = Debug|Any CPU
		{E39F1D4D-AA2A-402A-884F-5ADD5A4C0A69}.Release|Any CPU.ActiveCfg = Release|Any CPU
		{E39F1D4D-AA2A-402A-884F-5ADD5A4C0A69}.Release|Any CPU.Build.0 = Release|Any CPU
		{E39F1D4D-AA2A-402A-884F-5ADD5A4C0A69}.Release|ARM.ActiveCfg = Release|Any CPU
		{E39F1D4D-AA2A-402A-884F-5ADD5A4C0A69}.Release|ARM.Build.0 = Release|Any CPU
		{E39F1D4D-AA2A-402A-884F-5ADD5A4C0A69}.Release|ARM64.ActiveCfg = Release|Any CPU
		{E39F1D4D-AA2A-402A-884F-5ADD5A4C0A69}.Release|ARM64.Build.0 = Release|Any CPU
		{E39F1D4D-AA2A-402A-884F-5ADD5A4C0A69}.Release|x64.ActiveCfg = Release|Any CPU
		{E39F1D4D-AA2A-402A-884F-5ADD5A4C0A69}.Release|x64.Build.0 = Release|Any CPU
		{E39F1D4D-AA2A-402A-884F-5ADD5A4C0A69}.Release|x86.ActiveCfg = Release|Any CPU
		{E39F1D4D-AA2A-402A-884F-5ADD5A4C0A69}.Release|x86.Build.0 = Release|Any CPU
		{5548DB5A-6E19-41A0-9558-193FE941167A}.Debug|Any CPU.ActiveCfg = Debug|Any CPU
		{5548DB5A-6E19-41A0-9558-193FE941167A}.Debug|Any CPU.Build.0 = Debug|Any CPU
		{5548DB5A-6E19-41A0-9558-193FE941167A}.Debug|ARM.ActiveCfg = Debug|Any CPU
		{5548DB5A-6E19-41A0-9558-193FE941167A}.Debug|ARM.Build.0 = Debug|Any CPU
		{5548DB5A-6E19-41A0-9558-193FE941167A}.Debug|ARM64.ActiveCfg = Debug|Any CPU
		{5548DB5A-6E19-41A0-9558-193FE941167A}.Debug|ARM64.Build.0 = Debug|Any CPU
		{5548DB5A-6E19-41A0-9558-193FE941167A}.Debug|x64.ActiveCfg = Debug|Any CPU
		{5548DB5A-6E19-41A0-9558-193FE941167A}.Debug|x64.Build.0 = Debug|Any CPU
		{5548DB5A-6E19-41A0-9558-193FE941167A}.Debug|x86.ActiveCfg = Debug|Any CPU
		{5548DB5A-6E19-41A0-9558-193FE941167A}.Debug|x86.Build.0 = Debug|Any CPU
		{5548DB5A-6E19-41A0-9558-193FE941167A}.Release|Any CPU.ActiveCfg = Release|Any CPU
		{5548DB5A-6E19-41A0-9558-193FE941167A}.Release|Any CPU.Build.0 = Release|Any CPU
		{5548DB5A-6E19-41A0-9558-193FE941167A}.Release|ARM.ActiveCfg = Release|Any CPU
		{5548DB5A-6E19-41A0-9558-193FE941167A}.Release|ARM.Build.0 = Release|Any CPU
		{5548DB5A-6E19-41A0-9558-193FE941167A}.Release|ARM64.ActiveCfg = Release|Any CPU
		{5548DB5A-6E19-41A0-9558-193FE941167A}.Release|ARM64.Build.0 = Release|Any CPU
		{5548DB5A-6E19-41A0-9558-193FE941167A}.Release|x64.ActiveCfg = Release|Any CPU
		{5548DB5A-6E19-41A0-9558-193FE941167A}.Release|x64.Build.0 = Release|Any CPU
		{5548DB5A-6E19-41A0-9558-193FE941167A}.Release|x86.ActiveCfg = Release|Any CPU
		{5548DB5A-6E19-41A0-9558-193FE941167A}.Release|x86.Build.0 = Release|Any CPU
		{D21B9AF8-5434-4C5C-AC7C-0DE8E253BC9F}.Debug|Any CPU.ActiveCfg = Debug|Any CPU
		{D21B9AF8-5434-4C5C-AC7C-0DE8E253BC9F}.Debug|Any CPU.Build.0 = Debug|Any CPU
		{D21B9AF8-5434-4C5C-AC7C-0DE8E253BC9F}.Debug|ARM.ActiveCfg = Debug|Any CPU
		{D21B9AF8-5434-4C5C-AC7C-0DE8E253BC9F}.Debug|ARM.Build.0 = Debug|Any CPU
		{D21B9AF8-5434-4C5C-AC7C-0DE8E253BC9F}.Debug|ARM64.ActiveCfg = Debug|Any CPU
		{D21B9AF8-5434-4C5C-AC7C-0DE8E253BC9F}.Debug|ARM64.Build.0 = Debug|Any CPU
		{D21B9AF8-5434-4C5C-AC7C-0DE8E253BC9F}.Debug|x64.ActiveCfg = Debug|Any CPU
		{D21B9AF8-5434-4C5C-AC7C-0DE8E253BC9F}.Debug|x64.Build.0 = Debug|Any CPU
		{D21B9AF8-5434-4C5C-AC7C-0DE8E253BC9F}.Debug|x86.ActiveCfg = Debug|Any CPU
		{D21B9AF8-5434-4C5C-AC7C-0DE8E253BC9F}.Debug|x86.Build.0 = Debug|Any CPU
		{D21B9AF8-5434-4C5C-AC7C-0DE8E253BC9F}.Release|Any CPU.ActiveCfg = Release|Any CPU
		{D21B9AF8-5434-4C5C-AC7C-0DE8E253BC9F}.Release|Any CPU.Build.0 = Release|Any CPU
		{D21B9AF8-5434-4C5C-AC7C-0DE8E253BC9F}.Release|ARM.ActiveCfg = Release|Any CPU
		{D21B9AF8-5434-4C5C-AC7C-0DE8E253BC9F}.Release|ARM.Build.0 = Release|Any CPU
		{D21B9AF8-5434-4C5C-AC7C-0DE8E253BC9F}.Release|ARM64.ActiveCfg = Release|Any CPU
		{D21B9AF8-5434-4C5C-AC7C-0DE8E253BC9F}.Release|ARM64.Build.0 = Release|Any CPU
		{D21B9AF8-5434-4C5C-AC7C-0DE8E253BC9F}.Release|x64.ActiveCfg = Release|Any CPU
		{D21B9AF8-5434-4C5C-AC7C-0DE8E253BC9F}.Release|x64.Build.0 = Release|Any CPU
		{D21B9AF8-5434-4C5C-AC7C-0DE8E253BC9F}.Release|x86.ActiveCfg = Release|Any CPU
		{D21B9AF8-5434-4C5C-AC7C-0DE8E253BC9F}.Release|x86.Build.0 = Release|Any CPU
		{693CB0EB-3193-43AD-922C-0BCB43BEAC38}.Debug|Any CPU.ActiveCfg = Debug|Any CPU
		{693CB0EB-3193-43AD-922C-0BCB43BEAC38}.Debug|Any CPU.Build.0 = Debug|Any CPU
		{693CB0EB-3193-43AD-922C-0BCB43BEAC38}.Debug|ARM.ActiveCfg = Debug|Any CPU
		{693CB0EB-3193-43AD-922C-0BCB43BEAC38}.Debug|ARM.Build.0 = Debug|Any CPU
		{693CB0EB-3193-43AD-922C-0BCB43BEAC38}.Debug|ARM64.ActiveCfg = Debug|Any CPU
		{693CB0EB-3193-43AD-922C-0BCB43BEAC38}.Debug|ARM64.Build.0 = Debug|Any CPU
		{693CB0EB-3193-43AD-922C-0BCB43BEAC38}.Debug|x64.ActiveCfg = Debug|Any CPU
		{693CB0EB-3193-43AD-922C-0BCB43BEAC38}.Debug|x64.Build.0 = Debug|Any CPU
		{693CB0EB-3193-43AD-922C-0BCB43BEAC38}.Debug|x86.ActiveCfg = Debug|Any CPU
		{693CB0EB-3193-43AD-922C-0BCB43BEAC38}.Debug|x86.Build.0 = Debug|Any CPU
		{693CB0EB-3193-43AD-922C-0BCB43BEAC38}.Release|Any CPU.ActiveCfg = Release|Any CPU
		{693CB0EB-3193-43AD-922C-0BCB43BEAC38}.Release|Any CPU.Build.0 = Release|Any CPU
		{693CB0EB-3193-43AD-922C-0BCB43BEAC38}.Release|ARM.ActiveCfg = Release|Any CPU
		{693CB0EB-3193-43AD-922C-0BCB43BEAC38}.Release|ARM.Build.0 = Release|Any CPU
		{693CB0EB-3193-43AD-922C-0BCB43BEAC38}.Release|ARM64.ActiveCfg = Release|Any CPU
		{693CB0EB-3193-43AD-922C-0BCB43BEAC38}.Release|ARM64.Build.0 = Release|Any CPU
		{693CB0EB-3193-43AD-922C-0BCB43BEAC38}.Release|x64.ActiveCfg = Release|Any CPU
		{693CB0EB-3193-43AD-922C-0BCB43BEAC38}.Release|x64.Build.0 = Release|Any CPU
		{693CB0EB-3193-43AD-922C-0BCB43BEAC38}.Release|x86.ActiveCfg = Release|Any CPU
		{693CB0EB-3193-43AD-922C-0BCB43BEAC38}.Release|x86.Build.0 = Release|Any CPU
		{D92C1949-13E6-44FD-9F2E-F4DC0AA98587}.Debug|Any CPU.ActiveCfg = Debug|Any CPU
		{D92C1949-13E6-44FD-9F2E-F4DC0AA98587}.Debug|Any CPU.Build.0 = Debug|Any CPU
		{D92C1949-13E6-44FD-9F2E-F4DC0AA98587}.Debug|ARM.ActiveCfg = Debug|Any CPU
		{D92C1949-13E6-44FD-9F2E-F4DC0AA98587}.Debug|ARM.Build.0 = Debug|Any CPU
		{D92C1949-13E6-44FD-9F2E-F4DC0AA98587}.Debug|ARM64.ActiveCfg = Debug|Any CPU
		{D92C1949-13E6-44FD-9F2E-F4DC0AA98587}.Debug|ARM64.Build.0 = Debug|Any CPU
		{D92C1949-13E6-44FD-9F2E-F4DC0AA98587}.Debug|x64.ActiveCfg = Debug|Any CPU
		{D92C1949-13E6-44FD-9F2E-F4DC0AA98587}.Debug|x64.Build.0 = Debug|Any CPU
		{D92C1949-13E6-44FD-9F2E-F4DC0AA98587}.Debug|x86.ActiveCfg = Debug|Any CPU
		{D92C1949-13E6-44FD-9F2E-F4DC0AA98587}.Debug|x86.Build.0 = Debug|Any CPU
		{D92C1949-13E6-44FD-9F2E-F4DC0AA98587}.Release|Any CPU.ActiveCfg = Release|Any CPU
		{D92C1949-13E6-44FD-9F2E-F4DC0AA98587}.Release|Any CPU.Build.0 = Release|Any CPU
		{D92C1949-13E6-44FD-9F2E-F4DC0AA98587}.Release|ARM.ActiveCfg = Release|Any CPU
		{D92C1949-13E6-44FD-9F2E-F4DC0AA98587}.Release|ARM.Build.0 = Release|Any CPU
		{D92C1949-13E6-44FD-9F2E-F4DC0AA98587}.Release|ARM64.ActiveCfg = Release|Any CPU
		{D92C1949-13E6-44FD-9F2E-F4DC0AA98587}.Release|ARM64.Build.0 = Release|Any CPU
		{D92C1949-13E6-44FD-9F2E-F4DC0AA98587}.Release|x64.ActiveCfg = Release|Any CPU
		{D92C1949-13E6-44FD-9F2E-F4DC0AA98587}.Release|x64.Build.0 = Release|Any CPU
		{D92C1949-13E6-44FD-9F2E-F4DC0AA98587}.Release|x86.ActiveCfg = Release|Any CPU
		{D92C1949-13E6-44FD-9F2E-F4DC0AA98587}.Release|x86.Build.0 = Release|Any CPU
		{1949F339-B6C9-47E2-901B-6781C40CF4DF}.Debug|Any CPU.ActiveCfg = Debug|Any CPU
		{1949F339-B6C9-47E2-901B-6781C40CF4DF}.Debug|Any CPU.Build.0 = Debug|Any CPU
		{1949F339-B6C9-47E2-901B-6781C40CF4DF}.Debug|ARM.ActiveCfg = Debug|Any CPU
		{1949F339-B6C9-47E2-901B-6781C40CF4DF}.Debug|ARM.Build.0 = Debug|Any CPU
		{1949F339-B6C9-47E2-901B-6781C40CF4DF}.Debug|ARM64.ActiveCfg = Debug|Any CPU
		{1949F339-B6C9-47E2-901B-6781C40CF4DF}.Debug|ARM64.Build.0 = Debug|Any CPU
		{1949F339-B6C9-47E2-901B-6781C40CF4DF}.Debug|x64.ActiveCfg = Debug|Any CPU
		{1949F339-B6C9-47E2-901B-6781C40CF4DF}.Debug|x64.Build.0 = Debug|Any CPU
		{1949F339-B6C9-47E2-901B-6781C40CF4DF}.Debug|x86.ActiveCfg = Debug|Any CPU
		{1949F339-B6C9-47E2-901B-6781C40CF4DF}.Debug|x86.Build.0 = Debug|Any CPU
		{1949F339-B6C9-47E2-901B-6781C40CF4DF}.Release|Any CPU.ActiveCfg = Release|Any CPU
		{1949F339-B6C9-47E2-901B-6781C40CF4DF}.Release|Any CPU.Build.0 = Release|Any CPU
		{1949F339-B6C9-47E2-901B-6781C40CF4DF}.Release|ARM.ActiveCfg = Release|Any CPU
		{1949F339-B6C9-47E2-901B-6781C40CF4DF}.Release|ARM.Build.0 = Release|Any CPU
		{1949F339-B6C9-47E2-901B-6781C40CF4DF}.Release|ARM64.ActiveCfg = Release|Any CPU
		{1949F339-B6C9-47E2-901B-6781C40CF4DF}.Release|ARM64.Build.0 = Release|Any CPU
		{1949F339-B6C9-47E2-901B-6781C40CF4DF}.Release|x64.ActiveCfg = Release|Any CPU
		{1949F339-B6C9-47E2-901B-6781C40CF4DF}.Release|x64.Build.0 = Release|Any CPU
		{1949F339-B6C9-47E2-901B-6781C40CF4DF}.Release|x86.ActiveCfg = Release|Any CPU
		{1949F339-B6C9-47E2-901B-6781C40CF4DF}.Release|x86.Build.0 = Release|Any CPU
		{716AD51C-14CC-475A-B47C-20ECB3426C26}.Debug|Any CPU.ActiveCfg = Debug|Any CPU
		{716AD51C-14CC-475A-B47C-20ECB3426C26}.Debug|Any CPU.Build.0 = Debug|Any CPU
		{716AD51C-14CC-475A-B47C-20ECB3426C26}.Debug|ARM.ActiveCfg = Debug|Any CPU
		{716AD51C-14CC-475A-B47C-20ECB3426C26}.Debug|ARM.Build.0 = Debug|Any CPU
		{716AD51C-14CC-475A-B47C-20ECB3426C26}.Debug|ARM64.ActiveCfg = Debug|Any CPU
		{716AD51C-14CC-475A-B47C-20ECB3426C26}.Debug|ARM64.Build.0 = Debug|Any CPU
		{716AD51C-14CC-475A-B47C-20ECB3426C26}.Debug|x64.ActiveCfg = Debug|Any CPU
		{716AD51C-14CC-475A-B47C-20ECB3426C26}.Debug|x64.Build.0 = Debug|Any CPU
		{716AD51C-14CC-475A-B47C-20ECB3426C26}.Debug|x86.ActiveCfg = Debug|Any CPU
		{716AD51C-14CC-475A-B47C-20ECB3426C26}.Debug|x86.Build.0 = Debug|Any CPU
		{716AD51C-14CC-475A-B47C-20ECB3426C26}.Release|Any CPU.ActiveCfg = Release|Any CPU
		{716AD51C-14CC-475A-B47C-20ECB3426C26}.Release|Any CPU.Build.0 = Release|Any CPU
		{716AD51C-14CC-475A-B47C-20ECB3426C26}.Release|ARM.ActiveCfg = Release|Any CPU
		{716AD51C-14CC-475A-B47C-20ECB3426C26}.Release|ARM.Build.0 = Release|Any CPU
		{716AD51C-14CC-475A-B47C-20ECB3426C26}.Release|ARM64.ActiveCfg = Release|Any CPU
		{716AD51C-14CC-475A-B47C-20ECB3426C26}.Release|ARM64.Build.0 = Release|Any CPU
		{716AD51C-14CC-475A-B47C-20ECB3426C26}.Release|x64.ActiveCfg = Release|Any CPU
		{716AD51C-14CC-475A-B47C-20ECB3426C26}.Release|x64.Build.0 = Release|Any CPU
		{716AD51C-14CC-475A-B47C-20ECB3426C26}.Release|x86.ActiveCfg = Release|Any CPU
		{716AD51C-14CC-475A-B47C-20ECB3426C26}.Release|x86.Build.0 = Release|Any CPU
		{A9DA2237-06CC-42D2-80F1-1962477507E3}.Debug|Any CPU.ActiveCfg = Debug|Any CPU
		{A9DA2237-06CC-42D2-80F1-1962477507E3}.Debug|Any CPU.Build.0 = Debug|Any CPU
		{A9DA2237-06CC-42D2-80F1-1962477507E3}.Debug|ARM.ActiveCfg = Debug|Any CPU
		{A9DA2237-06CC-42D2-80F1-1962477507E3}.Debug|ARM.Build.0 = Debug|Any CPU
		{A9DA2237-06CC-42D2-80F1-1962477507E3}.Debug|ARM64.ActiveCfg = Debug|Any CPU
		{A9DA2237-06CC-42D2-80F1-1962477507E3}.Debug|ARM64.Build.0 = Debug|Any CPU
		{A9DA2237-06CC-42D2-80F1-1962477507E3}.Debug|x64.ActiveCfg = Debug|Any CPU
		{A9DA2237-06CC-42D2-80F1-1962477507E3}.Debug|x64.Build.0 = Debug|Any CPU
		{A9DA2237-06CC-42D2-80F1-1962477507E3}.Debug|x86.ActiveCfg = Debug|Any CPU
		{A9DA2237-06CC-42D2-80F1-1962477507E3}.Debug|x86.Build.0 = Debug|Any CPU
		{A9DA2237-06CC-42D2-80F1-1962477507E3}.Release|Any CPU.ActiveCfg = Release|Any CPU
		{A9DA2237-06CC-42D2-80F1-1962477507E3}.Release|Any CPU.Build.0 = Release|Any CPU
		{A9DA2237-06CC-42D2-80F1-1962477507E3}.Release|ARM.ActiveCfg = Release|Any CPU
		{A9DA2237-06CC-42D2-80F1-1962477507E3}.Release|ARM.Build.0 = Release|Any CPU
		{A9DA2237-06CC-42D2-80F1-1962477507E3}.Release|ARM64.ActiveCfg = Release|Any CPU
		{A9DA2237-06CC-42D2-80F1-1962477507E3}.Release|ARM64.Build.0 = Release|Any CPU
		{A9DA2237-06CC-42D2-80F1-1962477507E3}.Release|x64.ActiveCfg = Release|Any CPU
		{A9DA2237-06CC-42D2-80F1-1962477507E3}.Release|x64.Build.0 = Release|Any CPU
		{A9DA2237-06CC-42D2-80F1-1962477507E3}.Release|x86.ActiveCfg = Release|Any CPU
		{A9DA2237-06CC-42D2-80F1-1962477507E3}.Release|x86.Build.0 = Release|Any CPU
		{874D14A2-9295-41F2-A4CE-0D598BEF34AD}.Debug|Any CPU.ActiveCfg = Debug|Any CPU
		{874D14A2-9295-41F2-A4CE-0D598BEF34AD}.Debug|Any CPU.Build.0 = Debug|Any CPU
		{874D14A2-9295-41F2-A4CE-0D598BEF34AD}.Debug|ARM.ActiveCfg = Debug|Any CPU
		{874D14A2-9295-41F2-A4CE-0D598BEF34AD}.Debug|ARM.Build.0 = Debug|Any CPU
		{874D14A2-9295-41F2-A4CE-0D598BEF34AD}.Debug|ARM64.ActiveCfg = Debug|Any CPU
		{874D14A2-9295-41F2-A4CE-0D598BEF34AD}.Debug|ARM64.Build.0 = Debug|Any CPU
		{874D14A2-9295-41F2-A4CE-0D598BEF34AD}.Debug|x64.ActiveCfg = Debug|Any CPU
		{874D14A2-9295-41F2-A4CE-0D598BEF34AD}.Debug|x64.Build.0 = Debug|Any CPU
		{874D14A2-9295-41F2-A4CE-0D598BEF34AD}.Debug|x86.ActiveCfg = Debug|Any CPU
		{874D14A2-9295-41F2-A4CE-0D598BEF34AD}.Debug|x86.Build.0 = Debug|Any CPU
		{874D14A2-9295-41F2-A4CE-0D598BEF34AD}.Release|Any CPU.ActiveCfg = Release|Any CPU
		{874D14A2-9295-41F2-A4CE-0D598BEF34AD}.Release|Any CPU.Build.0 = Release|Any CPU
		{874D14A2-9295-41F2-A4CE-0D598BEF34AD}.Release|ARM.ActiveCfg = Release|Any CPU
		{874D14A2-9295-41F2-A4CE-0D598BEF34AD}.Release|ARM.Build.0 = Release|Any CPU
		{874D14A2-9295-41F2-A4CE-0D598BEF34AD}.Release|ARM64.ActiveCfg = Release|Any CPU
		{874D14A2-9295-41F2-A4CE-0D598BEF34AD}.Release|ARM64.Build.0 = Release|Any CPU
		{874D14A2-9295-41F2-A4CE-0D598BEF34AD}.Release|x64.ActiveCfg = Release|Any CPU
		{874D14A2-9295-41F2-A4CE-0D598BEF34AD}.Release|x64.Build.0 = Release|Any CPU
		{874D14A2-9295-41F2-A4CE-0D598BEF34AD}.Release|x86.ActiveCfg = Release|Any CPU
		{874D14A2-9295-41F2-A4CE-0D598BEF34AD}.Release|x86.Build.0 = Release|Any CPU
		{B2ECEF90-F472-48BC-942D-4613F33DFA8D}.Debug|Any CPU.ActiveCfg = Debug|Any CPU
		{B2ECEF90-F472-48BC-942D-4613F33DFA8D}.Debug|Any CPU.Build.0 = Debug|Any CPU
		{B2ECEF90-F472-48BC-942D-4613F33DFA8D}.Debug|ARM.ActiveCfg = Debug|Any CPU
		{B2ECEF90-F472-48BC-942D-4613F33DFA8D}.Debug|ARM.Build.0 = Debug|Any CPU
		{B2ECEF90-F472-48BC-942D-4613F33DFA8D}.Debug|ARM64.ActiveCfg = Debug|Any CPU
		{B2ECEF90-F472-48BC-942D-4613F33DFA8D}.Debug|ARM64.Build.0 = Debug|Any CPU
		{B2ECEF90-F472-48BC-942D-4613F33DFA8D}.Debug|x64.ActiveCfg = Debug|Any CPU
		{B2ECEF90-F472-48BC-942D-4613F33DFA8D}.Debug|x64.Build.0 = Debug|Any CPU
		{B2ECEF90-F472-48BC-942D-4613F33DFA8D}.Debug|x86.ActiveCfg = Debug|Any CPU
		{B2ECEF90-F472-48BC-942D-4613F33DFA8D}.Debug|x86.Build.0 = Debug|Any CPU
		{B2ECEF90-F472-48BC-942D-4613F33DFA8D}.Release|Any CPU.ActiveCfg = Release|Any CPU
		{B2ECEF90-F472-48BC-942D-4613F33DFA8D}.Release|Any CPU.Build.0 = Release|Any CPU
		{B2ECEF90-F472-48BC-942D-4613F33DFA8D}.Release|ARM.ActiveCfg = Release|Any CPU
		{B2ECEF90-F472-48BC-942D-4613F33DFA8D}.Release|ARM.Build.0 = Release|Any CPU
		{B2ECEF90-F472-48BC-942D-4613F33DFA8D}.Release|ARM64.ActiveCfg = Release|Any CPU
		{B2ECEF90-F472-48BC-942D-4613F33DFA8D}.Release|ARM64.Build.0 = Release|Any CPU
		{B2ECEF90-F472-48BC-942D-4613F33DFA8D}.Release|x64.ActiveCfg = Release|Any CPU
		{B2ECEF90-F472-48BC-942D-4613F33DFA8D}.Release|x64.Build.0 = Release|Any CPU
		{B2ECEF90-F472-48BC-942D-4613F33DFA8D}.Release|x86.ActiveCfg = Release|Any CPU
		{B2ECEF90-F472-48BC-942D-4613F33DFA8D}.Release|x86.Build.0 = Release|Any CPU
		{6971258E-9AC0-4BAE-9107-5191CF62CD51}.Debug|Any CPU.ActiveCfg = Debug|Any CPU
		{6971258E-9AC0-4BAE-9107-5191CF62CD51}.Debug|Any CPU.Build.0 = Debug|Any CPU
		{6971258E-9AC0-4BAE-9107-5191CF62CD51}.Debug|ARM.ActiveCfg = Debug|Any CPU
		{6971258E-9AC0-4BAE-9107-5191CF62CD51}.Debug|ARM.Build.0 = Debug|Any CPU
		{6971258E-9AC0-4BAE-9107-5191CF62CD51}.Debug|ARM64.ActiveCfg = Debug|Any CPU
		{6971258E-9AC0-4BAE-9107-5191CF62CD51}.Debug|ARM64.Build.0 = Debug|Any CPU
		{6971258E-9AC0-4BAE-9107-5191CF62CD51}.Debug|x64.ActiveCfg = Debug|Any CPU
		{6971258E-9AC0-4BAE-9107-5191CF62CD51}.Debug|x64.Build.0 = Debug|Any CPU
		{6971258E-9AC0-4BAE-9107-5191CF62CD51}.Debug|x86.ActiveCfg = Debug|Any CPU
		{6971258E-9AC0-4BAE-9107-5191CF62CD51}.Debug|x86.Build.0 = Debug|Any CPU
		{6971258E-9AC0-4BAE-9107-5191CF62CD51}.Release|Any CPU.ActiveCfg = Release|Any CPU
		{6971258E-9AC0-4BAE-9107-5191CF62CD51}.Release|Any CPU.Build.0 = Release|Any CPU
		{6971258E-9AC0-4BAE-9107-5191CF62CD51}.Release|ARM.ActiveCfg = Release|Any CPU
		{6971258E-9AC0-4BAE-9107-5191CF62CD51}.Release|ARM.Build.0 = Release|Any CPU
		{6971258E-9AC0-4BAE-9107-5191CF62CD51}.Release|ARM64.ActiveCfg = Release|Any CPU
		{6971258E-9AC0-4BAE-9107-5191CF62CD51}.Release|ARM64.Build.0 = Release|Any CPU
		{6971258E-9AC0-4BAE-9107-5191CF62CD51}.Release|x64.ActiveCfg = Release|Any CPU
		{6971258E-9AC0-4BAE-9107-5191CF62CD51}.Release|x64.Build.0 = Release|Any CPU
		{6971258E-9AC0-4BAE-9107-5191CF62CD51}.Release|x86.ActiveCfg = Release|Any CPU
		{6971258E-9AC0-4BAE-9107-5191CF62CD51}.Release|x86.Build.0 = Release|Any CPU
		{488CA696-89EC-4D93-A8CE-820786D21B02}.Debug|Any CPU.ActiveCfg = Debug|Any CPU
		{488CA696-89EC-4D93-A8CE-820786D21B02}.Debug|Any CPU.Build.0 = Debug|Any CPU
		{488CA696-89EC-4D93-A8CE-820786D21B02}.Debug|ARM.ActiveCfg = Debug|Any CPU
		{488CA696-89EC-4D93-A8CE-820786D21B02}.Debug|ARM.Build.0 = Debug|Any CPU
		{488CA696-89EC-4D93-A8CE-820786D21B02}.Debug|ARM64.ActiveCfg = Debug|Any CPU
		{488CA696-89EC-4D93-A8CE-820786D21B02}.Debug|ARM64.Build.0 = Debug|Any CPU
		{488CA696-89EC-4D93-A8CE-820786D21B02}.Debug|x64.ActiveCfg = Debug|Any CPU
		{488CA696-89EC-4D93-A8CE-820786D21B02}.Debug|x64.Build.0 = Debug|Any CPU
		{488CA696-89EC-4D93-A8CE-820786D21B02}.Debug|x86.ActiveCfg = Debug|Any CPU
		{488CA696-89EC-4D93-A8CE-820786D21B02}.Debug|x86.Build.0 = Debug|Any CPU
		{488CA696-89EC-4D93-A8CE-820786D21B02}.Release|Any CPU.ActiveCfg = Release|Any CPU
		{488CA696-89EC-4D93-A8CE-820786D21B02}.Release|Any CPU.Build.0 = Release|Any CPU
		{488CA696-89EC-4D93-A8CE-820786D21B02}.Release|ARM.ActiveCfg = Release|Any CPU
		{488CA696-89EC-4D93-A8CE-820786D21B02}.Release|ARM.Build.0 = Release|Any CPU
		{488CA696-89EC-4D93-A8CE-820786D21B02}.Release|ARM64.ActiveCfg = Release|Any CPU
		{488CA696-89EC-4D93-A8CE-820786D21B02}.Release|ARM64.Build.0 = Release|Any CPU
		{488CA696-89EC-4D93-A8CE-820786D21B02}.Release|x64.ActiveCfg = Release|Any CPU
		{488CA696-89EC-4D93-A8CE-820786D21B02}.Release|x64.Build.0 = Release|Any CPU
		{488CA696-89EC-4D93-A8CE-820786D21B02}.Release|x86.ActiveCfg = Release|Any CPU
		{488CA696-89EC-4D93-A8CE-820786D21B02}.Release|x86.Build.0 = Release|Any CPU
		{4CAB5A97-35B4-4F0D-845E-A86F17DB681A}.Debug|Any CPU.ActiveCfg = Debug|Any CPU
		{4CAB5A97-35B4-4F0D-845E-A86F17DB681A}.Debug|Any CPU.Build.0 = Debug|Any CPU
		{4CAB5A97-35B4-4F0D-845E-A86F17DB681A}.Debug|ARM.ActiveCfg = Debug|Any CPU
		{4CAB5A97-35B4-4F0D-845E-A86F17DB681A}.Debug|ARM.Build.0 = Debug|Any CPU
		{4CAB5A97-35B4-4F0D-845E-A86F17DB681A}.Debug|ARM64.ActiveCfg = Debug|Any CPU
		{4CAB5A97-35B4-4F0D-845E-A86F17DB681A}.Debug|ARM64.Build.0 = Debug|Any CPU
		{4CAB5A97-35B4-4F0D-845E-A86F17DB681A}.Debug|x64.ActiveCfg = Debug|Any CPU
		{4CAB5A97-35B4-4F0D-845E-A86F17DB681A}.Debug|x64.Build.0 = Debug|Any CPU
		{4CAB5A97-35B4-4F0D-845E-A86F17DB681A}.Debug|x86.ActiveCfg = Debug|Any CPU
		{4CAB5A97-35B4-4F0D-845E-A86F17DB681A}.Debug|x86.Build.0 = Debug|Any CPU
		{4CAB5A97-35B4-4F0D-845E-A86F17DB681A}.Release|Any CPU.ActiveCfg = Release|Any CPU
		{4CAB5A97-35B4-4F0D-845E-A86F17DB681A}.Release|Any CPU.Build.0 = Release|Any CPU
		{4CAB5A97-35B4-4F0D-845E-A86F17DB681A}.Release|ARM.ActiveCfg = Release|Any CPU
		{4CAB5A97-35B4-4F0D-845E-A86F17DB681A}.Release|ARM.Build.0 = Release|Any CPU
		{4CAB5A97-35B4-4F0D-845E-A86F17DB681A}.Release|ARM64.ActiveCfg = Release|Any CPU
		{4CAB5A97-35B4-4F0D-845E-A86F17DB681A}.Release|ARM64.Build.0 = Release|Any CPU
		{4CAB5A97-35B4-4F0D-845E-A86F17DB681A}.Release|x64.ActiveCfg = Release|Any CPU
		{4CAB5A97-35B4-4F0D-845E-A86F17DB681A}.Release|x64.Build.0 = Release|Any CPU
		{4CAB5A97-35B4-4F0D-845E-A86F17DB681A}.Release|x86.ActiveCfg = Release|Any CPU
		{4CAB5A97-35B4-4F0D-845E-A86F17DB681A}.Release|x86.Build.0 = Release|Any CPU
		{CC50399E-F4BA-4FA2-8971-16A6145CAC52}.Debug|Any CPU.ActiveCfg = Debug|Any CPU
		{CC50399E-F4BA-4FA2-8971-16A6145CAC52}.Debug|Any CPU.Build.0 = Debug|Any CPU
		{CC50399E-F4BA-4FA2-8971-16A6145CAC52}.Debug|ARM.ActiveCfg = Debug|Any CPU
		{CC50399E-F4BA-4FA2-8971-16A6145CAC52}.Debug|ARM.Build.0 = Debug|Any CPU
		{CC50399E-F4BA-4FA2-8971-16A6145CAC52}.Debug|ARM64.ActiveCfg = Debug|Any CPU
		{CC50399E-F4BA-4FA2-8971-16A6145CAC52}.Debug|ARM64.Build.0 = Debug|Any CPU
		{CC50399E-F4BA-4FA2-8971-16A6145CAC52}.Debug|x64.ActiveCfg = Debug|Any CPU
		{CC50399E-F4BA-4FA2-8971-16A6145CAC52}.Debug|x64.Build.0 = Debug|Any CPU
		{CC50399E-F4BA-4FA2-8971-16A6145CAC52}.Debug|x86.ActiveCfg = Debug|Any CPU
		{CC50399E-F4BA-4FA2-8971-16A6145CAC52}.Debug|x86.Build.0 = Debug|Any CPU
		{CC50399E-F4BA-4FA2-8971-16A6145CAC52}.Release|Any CPU.ActiveCfg = Release|Any CPU
		{CC50399E-F4BA-4FA2-8971-16A6145CAC52}.Release|Any CPU.Build.0 = Release|Any CPU
		{CC50399E-F4BA-4FA2-8971-16A6145CAC52}.Release|ARM.ActiveCfg = Release|Any CPU
		{CC50399E-F4BA-4FA2-8971-16A6145CAC52}.Release|ARM.Build.0 = Release|Any CPU
		{CC50399E-F4BA-4FA2-8971-16A6145CAC52}.Release|ARM64.ActiveCfg = Release|Any CPU
		{CC50399E-F4BA-4FA2-8971-16A6145CAC52}.Release|ARM64.Build.0 = Release|Any CPU
		{CC50399E-F4BA-4FA2-8971-16A6145CAC52}.Release|x64.ActiveCfg = Release|Any CPU
		{CC50399E-F4BA-4FA2-8971-16A6145CAC52}.Release|x64.Build.0 = Release|Any CPU
		{CC50399E-F4BA-4FA2-8971-16A6145CAC52}.Release|x86.ActiveCfg = Release|Any CPU
		{CC50399E-F4BA-4FA2-8971-16A6145CAC52}.Release|x86.Build.0 = Release|Any CPU
		{44AC02A0-B5FC-41ED-8294-2E5E45974B22}.Debug|Any CPU.ActiveCfg = Debug|Win32
		{44AC02A0-B5FC-41ED-8294-2E5E45974B22}.Debug|ARM.ActiveCfg = Debug|Win32
		{44AC02A0-B5FC-41ED-8294-2E5E45974B22}.Debug|ARM64.ActiveCfg = Debug|Win32
		{44AC02A0-B5FC-41ED-8294-2E5E45974B22}.Debug|x64.ActiveCfg = Debug|x64
		{44AC02A0-B5FC-41ED-8294-2E5E45974B22}.Debug|x64.Build.0 = Debug|x64
		{44AC02A0-B5FC-41ED-8294-2E5E45974B22}.Debug|x86.ActiveCfg = Debug|Win32
		{44AC02A0-B5FC-41ED-8294-2E5E45974B22}.Debug|x86.Build.0 = Debug|Win32
		{44AC02A0-B5FC-41ED-8294-2E5E45974B22}.Release|Any CPU.ActiveCfg = Release|Win32
		{44AC02A0-B5FC-41ED-8294-2E5E45974B22}.Release|ARM.ActiveCfg = Release|Win32
		{44AC02A0-B5FC-41ED-8294-2E5E45974B22}.Release|ARM64.ActiveCfg = Release|Win32
		{44AC02A0-B5FC-41ED-8294-2E5E45974B22}.Release|x64.ActiveCfg = Release|x64
		{44AC02A0-B5FC-41ED-8294-2E5E45974B22}.Release|x64.Build.0 = Release|x64
		{44AC02A0-B5FC-41ED-8294-2E5E45974B22}.Release|x86.ActiveCfg = Release|Win32
		{44AC02A0-B5FC-41ED-8294-2E5E45974B22}.Release|x86.Build.0 = Release|Win32
	EndGlobalSection
	GlobalSection(SolutionProperties) = preSolution
		HideSolutionNode = FALSE
	EndGlobalSection
	GlobalSection(NestedProjects) = preSolution
		{149FBE2A-D4FD-48C7-AC0F-DDC7F93599DE} = {A86A5BAE-9473-420E-B6A9-865FDF57F185}
		{F58FC417-DFB9-498A-BB48-C6057BB15D94} = {149FBE2A-D4FD-48C7-AC0F-DDC7F93599DE}
		{79F41071-37AC-4607-9CE6-6C3E806BC612} = {A86A5BAE-9473-420E-B6A9-865FDF57F185}
		{E39F1D4D-AA2A-402A-884F-5ADD5A4C0A69} = {79F41071-37AC-4607-9CE6-6C3E806BC612}
		{F3B37321-86FB-472D-B16B-C3EDCE240365} = {A86A5BAE-9473-420E-B6A9-865FDF57F185}
		{5548DB5A-6E19-41A0-9558-193FE941167A} = {149FBE2A-D4FD-48C7-AC0F-DDC7F93599DE}
		{D21B9AF8-5434-4C5C-AC7C-0DE8E253BC9F} = {79F41071-37AC-4607-9CE6-6C3E806BC612}
		{693CB0EB-3193-43AD-922C-0BCB43BEAC38} = {79F41071-37AC-4607-9CE6-6C3E806BC612}
		{D92C1949-13E6-44FD-9F2E-F4DC0AA98587} = {149FBE2A-D4FD-48C7-AC0F-DDC7F93599DE}
		{1949F339-B6C9-47E2-901B-6781C40CF4DF} = {5FE26CCE-D734-45FB-B8D2-49ACBD4177D8}
		{716AD51C-14CC-475A-B47C-20ECB3426C26} = {5FE26CCE-D734-45FB-B8D2-49ACBD4177D8}
		{A9DA2237-06CC-42D2-80F1-1962477507E3} = {5FE26CCE-D734-45FB-B8D2-49ACBD4177D8}
		{874D14A2-9295-41F2-A4CE-0D598BEF34AD} = {F3B37321-86FB-472D-B16B-C3EDCE240365}
		{B2ECEF90-F472-48BC-942D-4613F33DFA8D} = {F3B37321-86FB-472D-B16B-C3EDCE240365}
		{6971258E-9AC0-4BAE-9107-5191CF62CD51} = {F3B37321-86FB-472D-B16B-C3EDCE240365}
		{488CA696-89EC-4D93-A8CE-820786D21B02} = {F3B37321-86FB-472D-B16B-C3EDCE240365}
		{4CAB5A97-35B4-4F0D-845E-A86F17DB681A} = {42525C0F-7C79-410E-A780-B53B70D6EDCA}
		{CC50399E-F4BA-4FA2-8971-16A6145CAC52} = {42525C0F-7C79-410E-A780-B53B70D6EDCA}
		{44AC02A0-B5FC-41ED-8294-2E5E45974B22} = {149FBE2A-D4FD-48C7-AC0F-DDC7F93599DE}
	EndGlobalSection
	GlobalSection(ExtensibilityGlobals) = postSolution
		SolutionGuid = {01496E24-B6EB-42BB-9F9F-306165A8E495}
	EndGlobalSection
EndGlobal
