
Microsoft Visual Studio Solution File, Format Version 12.00
# Visual Studio Version 16
VisualStudioVersion = 16.0.31229.75
MinimumVisualStudioVersion = 10.0.40219.1
Project("{2150E333-8FDC-42A3-9474-1A3956D46DE8}") = "Solution Items", "Solution Items", "{0F33D458-FBED-47B7-BA85-F8CE72ECC203}"
	ProjectSection(SolutionItems) = preProject
		README.md = README.md
	EndProjectSection
EndProject
Project("{9A19103F-16F7-4668-BE54-9A1E7A4F7556}") = "EngineController", "EngineController\EngineController.csproj", "{AE08ECF0-87B9-4E1E-8CA4-B814D1773151}"
EndProject
Project("{2150E333-8FDC-42A3-9474-1A3956D46DE8}") = "WindowsClient", "WindowsClient", "{149FBE2A-D4FD-48C7-AC0F-DDC7F93599DE}"
EndProject
Project("{9A19103F-16F7-4668-BE54-9A1E7A4F7556}") = "WindowsClient", "Windows\WindowsClient\WindowsClient.csproj", "{F58FC417-DFB9-498A-BB48-C6057BB15D94}"
EndProject
Project("{930C7802-8A8C-48F9-8165-68863BCCD9DD}") = "WindowsInstaller", "Windows\WindowsInstaller\WindowsInstaller.wixproj", "{8FE48763-B827-49E9-9B71-7AD0D515D884}"
EndProject
Project("{2150E333-8FDC-42A3-9474-1A3956D46DE8}") = "LinuxClient", "LinuxClient", "{79F41071-37AC-4607-9CE6-6C3E806BC612}"
EndProject
Project("{9A19103F-16F7-4668-BE54-9A1E7A4F7556}") = "LinuxClient", "Linux\LinuxClient\LinuxClient.csproj", "{E39F1D4D-AA2A-402A-884F-5ADD5A4C0A69}"
EndProject
Project("{FAE04EC0-301F-11D3-BF4B-00C04F79EFBC}") = "ClientWebInterface", "ClientCommon\ClientWebInterface.csproj", "{0D47ABC7-370D-4786-B184-8579FEE5E439}"
EndProject
Project("{2150E333-8FDC-42A3-9474-1A3956D46DE8}") = "ClientCommonLibraries", "ClientCommonLibraries", "{F3B37321-86FB-472D-B16B-C3EDCE240365}"
EndProject
Project("{FAE04EC0-301F-11D3-BF4B-00C04F79EFBC}") = "ClientService", "ClientDataManager\ClientService.csproj", "{84406BE6-4E6F-4EC1-92D7-4FA0B2B660D5}"
EndProject
Project("{FAE04EC0-301F-11D3-BF4B-00C04F79EFBC}") = "ClientModels", "ClientModels\ClientModels.csproj", "{70ED41B6-A3F7-4A2E-91B3-87D5A328F7FE}"
EndProject
Global
	GlobalSection(SolutionConfigurationPlatforms) = preSolution
		Debug|Any CPU = Debug|Any CPU
		Debug|x86 = Debug|x86
		Release|Any CPU = Release|Any CPU
		Release|x86 = Release|x86
	EndGlobalSection
	GlobalSection(ProjectConfigurationPlatforms) = postSolution
		{AE08ECF0-87B9-4E1E-8CA4-B814D1773151}.Debug|Any CPU.ActiveCfg = Debug|Any CPU
		{AE08ECF0-87B9-4E1E-8CA4-B814D1773151}.Debug|Any CPU.Build.0 = Debug|Any CPU
		{AE08ECF0-87B9-4E1E-8CA4-B814D1773151}.Debug|x86.ActiveCfg = Debug|Any CPU
		{AE08ECF0-87B9-4E1E-8CA4-B814D1773151}.Debug|x86.Build.0 = Debug|Any CPU
		{AE08ECF0-87B9-4E1E-8CA4-B814D1773151}.Release|Any CPU.ActiveCfg = Release|Any CPU
		{AE08ECF0-87B9-4E1E-8CA4-B814D1773151}.Release|Any CPU.Build.0 = Release|Any CPU
		{AE08ECF0-87B9-4E1E-8CA4-B814D1773151}.Release|x86.ActiveCfg = Release|Any CPU
		{AE08ECF0-87B9-4E1E-8CA4-B814D1773151}.Release|x86.Build.0 = Release|Any CPU
		{F58FC417-DFB9-498A-BB48-C6057BB15D94}.Debug|Any CPU.ActiveCfg = Debug|Any CPU
		{F58FC417-DFB9-498A-BB48-C6057BB15D94}.Debug|Any CPU.Build.0 = Debug|Any CPU
		{F58FC417-DFB9-498A-BB48-C6057BB15D94}.Debug|x86.ActiveCfg = Debug|Any CPU
		{F58FC417-DFB9-498A-BB48-C6057BB15D94}.Debug|x86.Build.0 = Debug|Any CPU
		{F58FC417-DFB9-498A-BB48-C6057BB15D94}.Release|Any CPU.ActiveCfg = Release|Any CPU
		{F58FC417-DFB9-498A-BB48-C6057BB15D94}.Release|Any CPU.Build.0 = Release|Any CPU
		{F58FC417-DFB9-498A-BB48-C6057BB15D94}.Release|x86.ActiveCfg = Release|Any CPU
		{F58FC417-DFB9-498A-BB48-C6057BB15D94}.Release|x86.Build.0 = Release|Any CPU
		{8FE48763-B827-49E9-9B71-7AD0D515D884}.Debug|Any CPU.ActiveCfg = Debug|x86
		{8FE48763-B827-49E9-9B71-7AD0D515D884}.Debug|x86.ActiveCfg = Debug|x86
		{8FE48763-B827-49E9-9B71-7AD0D515D884}.Debug|x86.Build.0 = Debug|x86
		{8FE48763-B827-49E9-9B71-7AD0D515D884}.Release|Any CPU.ActiveCfg = Release|x86
		{8FE48763-B827-49E9-9B71-7AD0D515D884}.Release|x86.ActiveCfg = Release|x86
		{8FE48763-B827-49E9-9B71-7AD0D515D884}.Release|x86.Build.0 = Release|x86
		{E39F1D4D-AA2A-402A-884F-5ADD5A4C0A69}.Debug|Any CPU.ActiveCfg = Debug|Any CPU
		{E39F1D4D-AA2A-402A-884F-5ADD5A4C0A69}.Debug|Any CPU.Build.0 = Debug|Any CPU
		{E39F1D4D-AA2A-402A-884F-5ADD5A4C0A69}.Debug|x86.ActiveCfg = Debug|Any CPU
		{E39F1D4D-AA2A-402A-884F-5ADD5A4C0A69}.Debug|x86.Build.0 = Debug|Any CPU
		{E39F1D4D-AA2A-402A-884F-5ADD5A4C0A69}.Release|Any CPU.ActiveCfg = Release|Any CPU
		{E39F1D4D-AA2A-402A-884F-5ADD5A4C0A69}.Release|Any CPU.Build.0 = Release|Any CPU
		{E39F1D4D-AA2A-402A-884F-5ADD5A4C0A69}.Release|x86.ActiveCfg = Release|Any CPU
		{E39F1D4D-AA2A-402A-884F-5ADD5A4C0A69}.Release|x86.Build.0 = Release|Any CPU
		{0D47ABC7-370D-4786-B184-8579FEE5E439}.Debug|Any CPU.ActiveCfg = Debug|Any CPU
		{0D47ABC7-370D-4786-B184-8579FEE5E439}.Debug|Any CPU.Build.0 = Debug|Any CPU
		{0D47ABC7-370D-4786-B184-8579FEE5E439}.Debug|x86.ActiveCfg = Debug|Any CPU
		{0D47ABC7-370D-4786-B184-8579FEE5E439}.Debug|x86.Build.0 = Debug|Any CPU
		{0D47ABC7-370D-4786-B184-8579FEE5E439}.Release|Any CPU.ActiveCfg = Release|Any CPU
		{0D47ABC7-370D-4786-B184-8579FEE5E439}.Release|Any CPU.Build.0 = Release|Any CPU
		{0D47ABC7-370D-4786-B184-8579FEE5E439}.Release|x86.ActiveCfg = Release|Any CPU
		{0D47ABC7-370D-4786-B184-8579FEE5E439}.Release|x86.Build.0 = Release|Any CPU
		{84406BE6-4E6F-4EC1-92D7-4FA0B2B660D5}.Debug|Any CPU.ActiveCfg = Debug|Any CPU
		{84406BE6-4E6F-4EC1-92D7-4FA0B2B660D5}.Debug|Any CPU.Build.0 = Debug|Any CPU
		{84406BE6-4E6F-4EC1-92D7-4FA0B2B660D5}.Debug|x86.ActiveCfg = Debug|Any CPU
		{84406BE6-4E6F-4EC1-92D7-4FA0B2B660D5}.Debug|x86.Build.0 = Debug|Any CPU
		{84406BE6-4E6F-4EC1-92D7-4FA0B2B660D5}.Release|Any CPU.ActiveCfg = Release|Any CPU
		{84406BE6-4E6F-4EC1-92D7-4FA0B2B660D5}.Release|Any CPU.Build.0 = Release|Any CPU
		{84406BE6-4E6F-4EC1-92D7-4FA0B2B660D5}.Release|x86.ActiveCfg = Release|Any CPU
		{84406BE6-4E6F-4EC1-92D7-4FA0B2B660D5}.Release|x86.Build.0 = Release|Any CPU
		{70ED41B6-A3F7-4A2E-91B3-87D5A328F7FE}.Debug|Any CPU.ActiveCfg = Debug|Any CPU
		{70ED41B6-A3F7-4A2E-91B3-87D5A328F7FE}.Debug|Any CPU.Build.0 = Debug|Any CPU
		{70ED41B6-A3F7-4A2E-91B3-87D5A328F7FE}.Debug|x86.ActiveCfg = Debug|Any CPU
		{70ED41B6-A3F7-4A2E-91B3-87D5A328F7FE}.Debug|x86.Build.0 = Debug|Any CPU
		{70ED41B6-A3F7-4A2E-91B3-87D5A328F7FE}.Release|Any CPU.ActiveCfg = Release|Any CPU
		{70ED41B6-A3F7-4A2E-91B3-87D5A328F7FE}.Release|Any CPU.Build.0 = Release|Any CPU
		{70ED41B6-A3F7-4A2E-91B3-87D5A328F7FE}.Release|x86.ActiveCfg = Release|Any CPU
		{70ED41B6-A3F7-4A2E-91B3-87D5A328F7FE}.Release|x86.Build.0 = Release|Any CPU
	EndGlobalSection
	GlobalSection(SolutionProperties) = preSolution
		HideSolutionNode = FALSE
	EndGlobalSection
	GlobalSection(NestedProjects) = preSolution
		{F58FC417-DFB9-498A-BB48-C6057BB15D94} = {149FBE2A-D4FD-48C7-AC0F-DDC7F93599DE}
		{8FE48763-B827-49E9-9B71-7AD0D515D884} = {149FBE2A-D4FD-48C7-AC0F-DDC7F93599DE}
		{E39F1D4D-AA2A-402A-884F-5ADD5A4C0A69} = {79F41071-37AC-4607-9CE6-6C3E806BC612}
		{0D47ABC7-370D-4786-B184-8579FEE5E439} = {F3B37321-86FB-472D-B16B-C3EDCE240365}
		{84406BE6-4E6F-4EC1-92D7-4FA0B2B660D5} = {F3B37321-86FB-472D-B16B-C3EDCE240365}
		{70ED41B6-A3F7-4A2E-91B3-87D5A328F7FE} = {F3B37321-86FB-472D-B16B-C3EDCE240365}
	EndGlobalSection
	GlobalSection(ExtensibilityGlobals) = postSolution
		SolutionGuid = {01496E24-B6EB-42BB-9F9F-306165A8E495}
	EndGlobalSection
EndGlobal
